// !$*UTF8*$!
{
	archiveVersion = 1;
	classes = {
	};
	objectVersion = 52;
	objects = {

/* Begin PBXBuildFile section */
		01010125211DBC27002F0F7F /* StringExtension.swift in Sources */ = {isa = PBXBuildFile; fileRef = 01010124211DBC27002F0F7F /* StringExtension.swift */; };
		01010127211DCAE8002F0F7F /* SidebarViewController.swift in Sources */ = {isa = PBXBuildFile; fileRef = 01010126211DCAE8002F0F7F /* SidebarViewController.swift */; };
		0101012B211DCE1C002F0F7F /* SidebarTableCellView.swift in Sources */ = {isa = PBXBuildFile; fileRef = 0101012A211DCE1C002F0F7F /* SidebarTableCellView.swift */; };
		0101012E211DE83B002F0F7F /* SidebarTableView.swift in Sources */ = {isa = PBXBuildFile; fileRef = 0101012D211DE83B002F0F7F /* SidebarTableView.swift */; };
		01010131211E987D002F0F7F /* SuggestionsTableCellView.swift in Sources */ = {isa = PBXBuildFile; fileRef = 0101012F211E987D002F0F7F /* SuggestionsTableCellView.swift */; };
		01010132211E987D002F0F7F /* WaitingTableCellView.swift in Sources */ = {isa = PBXBuildFile; fileRef = 01010130211E987D002F0F7F /* WaitingTableCellView.swift */; };
		01010137211EFA75002F0F7F /* SuggestionsTableView.swift in Sources */ = {isa = PBXBuildFile; fileRef = 01010136211EFA75002F0F7F /* SuggestionsTableView.swift */; };
		0101013921200DC5002F0F7F /* LiveUrlTableCellView.swift in Sources */ = {isa = PBXBuildFile; fileRef = 0101013821200DC5002F0F7F /* LiveUrlTableCellView.swift */; };
		010F0EF220F890DB00F33553 /* MainWindowController.swift in Sources */ = {isa = PBXBuildFile; fileRef = 010F0EF120F890DB00F33553 /* MainWindowController.swift */; };
		010F0F1320FE1DD100F33553 /* Preferences.swift in Sources */ = {isa = PBXBuildFile; fileRef = 010F0F1220FE1DD100F33553 /* Preferences.swift */; };
		010F0F1920FE4F0900F33553 /* DataModel.xcdatamodeld in Sources */ = {isa = PBXBuildFile; fileRef = 010F0F1720FE4F0900F33553 /* DataModel.xcdatamodeld */; };
		01176CAD2713223200BB7E10 /* SDWebImage.xcframework in Frameworks */ = {isa = PBXBuildFile; fileRef = 01176CAC2713223200BB7E10 /* SDWebImage.xcframework */; };
		01176CAE2713223200BB7E10 /* SDWebImage.xcframework in Embed Frameworks */ = {isa = PBXBuildFile; fileRef = 01176CAC2713223200BB7E10 /* SDWebImage.xcframework */; settings = {ATTRIBUTES = (CodeSignOnCopy, RemoveHeadersOnCopy, ); }; };
		011E4D3321E99CA400997633 /* Log.swift in Sources */ = {isa = PBXBuildFile; fileRef = 011E4D3221E99CA300997633 /* Log.swift */; };
		01260171211948BF00C9C639 /* PreferencesTabViewController.swift in Sources */ = {isa = PBXBuildFile; fileRef = 01260170211948BF00C9C639 /* PreferencesTabViewController.swift */; };
		012601742119FBF400C9C639 /* BilibiliCardTableCellView.swift in Sources */ = {isa = PBXBuildFile; fileRef = 012601732119FBF400C9C639 /* BilibiliCardTableCellView.swift */; };
		01260178211ABD3B00C9C639 /* VideoViewsFormatter.swift in Sources */ = {isa = PBXBuildFile; fileRef = 01260177211ABD3B00C9C639 /* VideoViewsFormatter.swift */; };
		0132B2E32123D05E001EB7DC /* BilibiliCardProgressView.swift in Sources */ = {isa = PBXBuildFile; fileRef = 0132B2E22123D05E001EB7DC /* BilibiliCardProgressView.swift */; };
		0132B2E52123D68D001EB7DC /* BilibiliCardImageBoxView.swift in Sources */ = {isa = PBXBuildFile; fileRef = 0132B2E42123D68D001EB7DC /* BilibiliCardImageBoxView.swift */; };
		013850FA214EA2AA003817CE /* huya.js in Resources */ = {isa = PBXBuildFile; fileRef = 013850F9214EA2AA003817CE /* huya.js */; };
		01398985210F27A600B7042F /* PreferencesWindowController.swift in Sources */ = {isa = PBXBuildFile; fileRef = 01398984210F27A600B7042F /* PreferencesWindowController.swift */; };
		01398987210F58E500B7042F /* MainWindowTableRowView.swift in Sources */ = {isa = PBXBuildFile; fileRef = 01398986210F58E500B7042F /* MainWindowTableRowView.swift */; };
		013CE8DE2184459E000271FB /* Danmaku.swift in Sources */ = {isa = PBXBuildFile; fileRef = 013CE8DD2184459E000271FB /* Danmaku.swift */; };
		013CE8E021854813000271FB /* VideoGet.swift in Sources */ = {isa = PBXBuildFile; fileRef = 013CE8DF21854813000271FB /* VideoGet.swift */; };
		013CE8F02185D0EA000271FB /* default.css in Copy Danamaku Files */ = {isa = PBXBuildFile; fileRef = 01E8CAC4213D236E00C4939B /* default.css */; };
		013CE8F12185D0EA000271FB /* index.htm in Copy Danamaku Files */ = {isa = PBXBuildFile; fileRef = 01E8CAC5213D236E00C4939B /* index.htm */; };
		013CE8F22185D0EA000271FB /* main.js in Copy Danamaku Files */ = {isa = PBXBuildFile; fileRef = 01E8CAC6213D236E00C4939B /* main.js */; };
		013CE8F32185D0EA000271FB /* CommentCoreLibrary.js in Copy Danamaku Files */ = {isa = PBXBuildFile; fileRef = 01E8CACA213D263000C4939B /* CommentCoreLibrary.js */; };
		013CE8F42185D0EA000271FB /* style.css in Copy Danamaku Files */ = {isa = PBXBuildFile; fileRef = 01E8CACC213D263800C4939B /* style.css */; };
		013CE8F62185D992000271FB /* HttpServer.swift in Sources */ = {isa = PBXBuildFile; fileRef = 013CE8F52185D992000271FB /* HttpServer.swift */; };
		014327B722AF5BE100651064 /* OpenFilesWindow.storyboard in Resources */ = {isa = PBXBuildFile; fileRef = 014327B622AF5BE100651064 /* OpenFilesWindow.storyboard */; };
		014327BA22AF5BED00651064 /* OpenFilesViewController.swift in Sources */ = {isa = PBXBuildFile; fileRef = 014327B822AF5BED00651064 /* OpenFilesViewController.swift */; };
		014327BD22AF5C9D00651064 /* OpenFilesWindowController.swift in Sources */ = {isa = PBXBuildFile; fileRef = 014327BC22AF5C9D00651064 /* OpenFilesWindowController.swift */; };
		01479CD3210AF5F40046AAAD /* DataManager.swift in Sources */ = {isa = PBXBuildFile; fileRef = 01479CD2210AF5F40046AAAD /* DataManager.swift */; };
		01479CD5210AFACB0046AAAD /* AddBookmarkViewController.swift in Sources */ = {isa = PBXBuildFile; fileRef = 01479CD4210AFACB0046AAAD /* AddBookmarkViewController.swift */; };
		01479CD7210B35480046AAAD /* MainMenu.swift in Sources */ = {isa = PBXBuildFile; fileRef = 01479CD6210B35480046AAAD /* MainMenu.swift */; };
		014B447D210069FF00E7AA6A /* Bookmark.swift in Sources */ = {isa = PBXBuildFile; fileRef = 014B447B210069FF00E7AA6A /* Bookmark.swift */; };
		014B447E210069FF00E7AA6A /* BookmarkExtension.swift in Sources */ = {isa = PBXBuildFile; fileRef = 014B447C210069FF00E7AA6A /* BookmarkExtension.swift */; };
		014F53F626D8F2EB00B9E82A /* Cartfile in Resources */ = {isa = PBXBuildFile; fileRef = 014F53F526D8F2EB00B9E82A /* Cartfile */; };
		014F540326D9184000B9E82A /* Gzip.xcframework in Frameworks */ = {isa = PBXBuildFile; fileRef = 014F53F826D9183F00B9E82A /* Gzip.xcframework */; };
		014F540426D9184000B9E82A /* Gzip.xcframework in Embed Frameworks */ = {isa = PBXBuildFile; fileRef = 014F53F826D9183F00B9E82A /* Gzip.xcframework */; settings = {ATTRIBUTES = (CodeSignOnCopy, RemoveHeadersOnCopy, ); }; };
		014F540726D9184000B9E82A /* Marshal.xcframework in Frameworks */ = {isa = PBXBuildFile; fileRef = 014F53FA26D9183F00B9E82A /* Marshal.xcframework */; };
		014F540826D9184000B9E82A /* Marshal.xcframework in Embed Frameworks */ = {isa = PBXBuildFile; fileRef = 014F53FA26D9183F00B9E82A /* Marshal.xcframework */; settings = {ATTRIBUTES = (CodeSignOnCopy, RemoveHeadersOnCopy, ); }; };
		014F540926D9184000B9E82A /* Alamofire.xcframework in Frameworks */ = {isa = PBXBuildFile; fileRef = 014F53FB26D9183F00B9E82A /* Alamofire.xcframework */; };
		014F540A26D9184000B9E82A /* Alamofire.xcframework in Embed Frameworks */ = {isa = PBXBuildFile; fileRef = 014F53FB26D9183F00B9E82A /* Alamofire.xcframework */; settings = {ATTRIBUTES = (CodeSignOnCopy, RemoveHeadersOnCopy, ); }; };
		014F540B26D9184000B9E82A /* SwiftProtobuf.xcframework in Frameworks */ = {isa = PBXBuildFile; fileRef = 014F53FC26D9183F00B9E82A /* SwiftProtobuf.xcframework */; };
		014F540C26D9184000B9E82A /* SwiftProtobuf.xcframework in Embed Frameworks */ = {isa = PBXBuildFile; fileRef = 014F53FC26D9183F00B9E82A /* SwiftProtobuf.xcframework */; settings = {ATTRIBUTES = (CodeSignOnCopy, RemoveHeadersOnCopy, ); }; };
		014F540D26D9184000B9E82A /* Swifter.xcframework in Frameworks */ = {isa = PBXBuildFile; fileRef = 014F53FD26D9183F00B9E82A /* Swifter.xcframework */; };
		014F540E26D9184000B9E82A /* Swifter.xcframework in Embed Frameworks */ = {isa = PBXBuildFile; fileRef = 014F53FD26D9183F00B9E82A /* Swifter.xcframework */; settings = {ATTRIBUTES = (CodeSignOnCopy, RemoveHeadersOnCopy, ); }; };
		014F540F26D9184000B9E82A /* SwiftSoup.xcframework in Frameworks */ = {isa = PBXBuildFile; fileRef = 014F53FE26D9183F00B9E82A /* SwiftSoup.xcframework */; };
		014F541026D9184000B9E82A /* SwiftSoup.xcframework in Embed Frameworks */ = {isa = PBXBuildFile; fileRef = 014F53FE26D9183F00B9E82A /* SwiftSoup.xcframework */; settings = {ATTRIBUTES = (CodeSignOnCopy, RemoveHeadersOnCopy, ); }; };
		014F541126D9184000B9E82A /* PromiseKit.xcframework in Frameworks */ = {isa = PBXBuildFile; fileRef = 014F53FF26D9183F00B9E82A /* PromiseKit.xcframework */; };
		014F541226D9184000B9E82A /* PromiseKit.xcframework in Embed Frameworks */ = {isa = PBXBuildFile; fileRef = 014F53FF26D9183F00B9E82A /* PromiseKit.xcframework */; settings = {ATTRIBUTES = (CodeSignOnCopy, RemoveHeadersOnCopy, ); }; };
		014F541326D9184000B9E82A /* CryptoSwift.xcframework in Frameworks */ = {isa = PBXBuildFile; fileRef = 014F540026D9183F00B9E82A /* CryptoSwift.xcframework */; };
		014F541426D9184100B9E82A /* CryptoSwift.xcframework in Embed Frameworks */ = {isa = PBXBuildFile; fileRef = 014F540026D9183F00B9E82A /* CryptoSwift.xcframework */; settings = {ATTRIBUTES = (CodeSignOnCopy, RemoveHeadersOnCopy, ); }; };
		014F541526D9184100B9E82A /* Starscream.xcframework in Frameworks */ = {isa = PBXBuildFile; fileRef = 014F540126D9184000B9E82A /* Starscream.xcframework */; };
		014F541626D9184100B9E82A /* Starscream.xcframework in Embed Frameworks */ = {isa = PBXBuildFile; fileRef = 014F540126D9184000B9E82A /* Starscream.xcframework */; settings = {ATTRIBUTES = (CodeSignOnCopy, RemoveHeadersOnCopy, ); }; };
		014F541726D9184100B9E82A /* Sparkle.xcframework in Frameworks */ = {isa = PBXBuildFile; fileRef = 014F540226D9184000B9E82A /* Sparkle.xcframework */; };
		014F541826D9184100B9E82A /* Sparkle.xcframework in Embed Frameworks */ = {isa = PBXBuildFile; fileRef = 014F540226D9184000B9E82A /* Sparkle.xcframework */; settings = {ATTRIBUTES = (CodeSignOnCopy, RemoveHeadersOnCopy, ); }; };
		015C19DC218B0D4F003B2F3A /* VideoGetStructs.swift in Sources */ = {isa = PBXBuildFile; fileRef = 015C19DB218B0D4F003B2F3A /* VideoGetStructs.swift */; };
		015C19F7218FC9A8003B2F3A /* Block-List-Plus.xml in Resources */ = {isa = PBXBuildFile; fileRef = 015C19F5218FC9A8003B2F3A /* Block-List-Plus.xml */; };
		015C19F8218FC9A8003B2F3A /* Block-List-Basic.xml in Resources */ = {isa = PBXBuildFile; fileRef = 015C19F6218FC9A8003B2F3A /* Block-List-Basic.xml */; };
		015EDE27273D333900271901 /* LiveStateTransformers.swift in Sources */ = {isa = PBXBuildFile; fileRef = 015EDE26273D333900271901 /* LiveStateTransformers.swift */; };
		016792E1212BBB43003517A7 /* SelectVideoViewController.swift in Sources */ = {isa = PBXBuildFile; fileRef = 016792E0212BBB43003517A7 /* SelectVideoViewController.swift */; };
		016792E6212BDEE5003517A7 /* SelectVideoCollectionViewItem.swift in Sources */ = {isa = PBXBuildFile; fileRef = 016792E4212BDEE5003517A7 /* SelectVideoCollectionViewItem.swift */; };
		016792E7212BDEE5003517A7 /* SelectVideoCollectionViewItem.xib in Resources */ = {isa = PBXBuildFile; fileRef = 016792E5212BDEE5003517A7 /* SelectVideoCollectionViewItem.xib */; };
		016792EE212C421F003517A7 /* SelectVideoCollectionViewItemView.swift in Sources */ = {isa = PBXBuildFile; fileRef = 016792ED212C421F003517A7 /* SelectVideoCollectionViewItemView.swift */; };
		01683DD9211869AE0016A886 /* BilibiliLoginViewController.swift in Sources */ = {isa = PBXBuildFile; fileRef = 01683DD8211869AE0016A886 /* BilibiliLoginViewController.swift */; };
		01683DDB2118905D0016A886 /* Bilibili.swift in Sources */ = {isa = PBXBuildFile; fileRef = 01683DDA2118905D0016A886 /* Bilibili.swift */; };
		01683DDE211924160016A886 /* BilibiliViewController.swift in Sources */ = {isa = PBXBuildFile; fileRef = 01683DDD211924160016A886 /* BilibiliViewController.swift */; };
		0169098021CF472F008CDF0E /* SideBarImageView.swift in Sources */ = {isa = PBXBuildFile; fileRef = 0169097F21CF472F008CDF0E /* SideBarImageView.swift */; };
		0196CB6421214B4200BCD29E /* AdvancedViewController.swift in Sources */ = {isa = PBXBuildFile; fileRef = 0196CB6321214B4200BCD29E /* AdvancedViewController.swift */; };
		0199489E2742852E00C71708 /* SupportSites.swift in Sources */ = {isa = PBXBuildFile; fileRef = 0199489D2742852E00C71708 /* SupportSites.swift */; };
		019948BF2743DF3600C71708 /* ObjMenuItem.swift in Sources */ = {isa = PBXBuildFile; fileRef = 019948BE2743DF3600C71708 /* ObjMenuItem.swift */; };
		01AEC8AB20EDFD01001406E8 /* AppDelegate.swift in Sources */ = {isa = PBXBuildFile; fileRef = 01AEC8AA20EDFD01001406E8 /* AppDelegate.swift */; };
		01AEC8AD20EDFD01001406E8 /* MainViewController.swift in Sources */ = {isa = PBXBuildFile; fileRef = 01AEC8AC20EDFD01001406E8 /* MainViewController.swift */; };
		01AEC8AF20EDFD02001406E8 /* Assets.xcassets in Resources */ = {isa = PBXBuildFile; fileRef = 01AEC8AE20EDFD02001406E8 /* Assets.xcassets */; };
		01AEC8B220EDFD02001406E8 /* Main.storyboard in Resources */ = {isa = PBXBuildFile; fileRef = 01AEC8B020EDFD02001406E8 /* Main.storyboard */; };
		01AEC8BC20EDFFBD001406E8 /* YouGetJSON.swift in Sources */ = {isa = PBXBuildFile; fileRef = 01AEC8BB20EDFFBD001406E8 /* YouGetJSON.swift */; };
		01AEC8BE20EE108B001406E8 /* Processes.swift in Sources */ = {isa = PBXBuildFile; fileRef = 01AEC8BD20EE108B001406E8 /* Processes.swift */; };
		01AEC8C220EFBCCF001406E8 /* MPVOption.swift in Sources */ = {isa = PBXBuildFile; fileRef = 01AEC8C120EFBCCF001406E8 /* MPVOption.swift */; };
		01AEC8C920F1081C001406E8 /* Identifiers.swift in Sources */ = {isa = PBXBuildFile; fileRef = 01AEC8C820F1081C001406E8 /* Identifiers.swift */; };
		01C373592429F2C2006778D1 /* README.md in Resources */ = {isa = PBXBuildFile; fileRef = 01C373582429F2C2006778D1 /* README.md */; };
		01CEA84A264255EF0021A645 /* FontSelectorViewController.swift in Sources */ = {isa = PBXBuildFile; fileRef = 01CEA849264255EF0021A645 /* FontSelectorViewController.swift */; };
		01DCD2F9259710D800D286C8 /* BilibiliDM.swift in Sources */ = {isa = PBXBuildFile; fileRef = 01DCD2F8259710D800D286C8 /* BilibiliDM.swift */; };
		01E40FE022C06BDC00864118 /* DataResponseExtension.swift in Sources */ = {isa = PBXBuildFile; fileRef = 01E40FDF22C06BDC00864118 /* DataResponseExtension.swift */; };
		01E40FEB22C304E800864118 /* ImageLoader.swift in Sources */ = {isa = PBXBuildFile; fileRef = 01E40FEA22C304E800864118 /* ImageLoader.swift */; };
		01E40FF622C39E7100864118 /* Localizable.strings in Resources */ = {isa = PBXBuildFile; fileRef = 01E40FF822C39E7100864118 /* Localizable.strings */; };
		01E6A09C211AD62800C6EF98 /* VideoDurationFormatter.swift in Sources */ = {isa = PBXBuildFile; fileRef = 01E6A09B211AD62800C6EF98 /* VideoDurationFormatter.swift */; };
		01F46CA12102EF4600FE9DAD /* GereralViewController.swift in Sources */ = {isa = PBXBuildFile; fileRef = 01F46CA02102EF4600FE9DAD /* GereralViewController.swift */; };
		01F5151A2109F002007C7153 /* LiveStatusTableCellView.swift in Sources */ = {isa = PBXBuildFile; fileRef = 01F515192109F002007C7153 /* LiveStatusTableCellView.swift */; };
/* End PBXBuildFile section */

/* Begin PBXCopyFilesBuildPhase section */
		013CE8EF2185D09F000271FB /* Copy Danamaku Files */ = {
			isa = PBXCopyFilesBuildPhase;
			buildActionMask = 2147483647;
			dstPath = danmaku;
			dstSubfolderSpec = 7;
			files = (
				013CE8F02185D0EA000271FB /* default.css in Copy Danamaku Files */,
				013CE8F12185D0EA000271FB /* index.htm in Copy Danamaku Files */,
				013CE8F22185D0EA000271FB /* main.js in Copy Danamaku Files */,
				013CE8F32185D0EA000271FB /* CommentCoreLibrary.js in Copy Danamaku Files */,
				013CE8F42185D0EA000271FB /* style.css in Copy Danamaku Files */,
			);
			name = "Copy Danamaku Files";
			runOnlyForDeploymentPostprocessing = 0;
		};
		014F541926D9184100B9E82A /* Embed Frameworks */ = {
			isa = PBXCopyFilesBuildPhase;
			buildActionMask = 2147483647;
			dstPath = "";
			dstSubfolderSpec = 10;
			files = (
				014F540E26D9184000B9E82A /* Swifter.xcframework in Embed Frameworks */,
				014F540A26D9184000B9E82A /* Alamofire.xcframework in Embed Frameworks */,
				014F540C26D9184000B9E82A /* SwiftProtobuf.xcframework in Embed Frameworks */,
				014F541026D9184000B9E82A /* SwiftSoup.xcframework in Embed Frameworks */,
				01176CAE2713223200BB7E10 /* SDWebImage.xcframework in Embed Frameworks */,
				014F541826D9184100B9E82A /* Sparkle.xcframework in Embed Frameworks */,
				014F541626D9184100B9E82A /* Starscream.xcframework in Embed Frameworks */,
				014F541226D9184000B9E82A /* PromiseKit.xcframework in Embed Frameworks */,
				014F540426D9184000B9E82A /* Gzip.xcframework in Embed Frameworks */,
				014F540826D9184000B9E82A /* Marshal.xcframework in Embed Frameworks */,
				014F541426D9184100B9E82A /* CryptoSwift.xcframework in Embed Frameworks */,
			);
			name = "Embed Frameworks";
			runOnlyForDeploymentPostprocessing = 0;
		};
/* End PBXCopyFilesBuildPhase section */

/* Begin PBXFileReference section */
		01010124211DBC27002F0F7F /* StringExtension.swift */ = {isa = PBXFileReference; lastKnownFileType = sourcecode.swift; path = StringExtension.swift; sourceTree = "<group>"; };
		01010126211DCAE8002F0F7F /* SidebarViewController.swift */ = {isa = PBXFileReference; lastKnownFileType = sourcecode.swift; path = SidebarViewController.swift; sourceTree = "<group>"; };
		0101012A211DCE1C002F0F7F /* SidebarTableCellView.swift */ = {isa = PBXFileReference; lastKnownFileType = sourcecode.swift; path = SidebarTableCellView.swift; sourceTree = "<group>"; };
		0101012D211DE83B002F0F7F /* SidebarTableView.swift */ = {isa = PBXFileReference; lastKnownFileType = sourcecode.swift; path = SidebarTableView.swift; sourceTree = "<group>"; };
		0101012F211E987D002F0F7F /* SuggestionsTableCellView.swift */ = {isa = PBXFileReference; fileEncoding = 4; lastKnownFileType = sourcecode.swift; path = SuggestionsTableCellView.swift; sourceTree = "<group>"; };
		01010130211E987D002F0F7F /* WaitingTableCellView.swift */ = {isa = PBXFileReference; fileEncoding = 4; lastKnownFileType = sourcecode.swift; path = WaitingTableCellView.swift; sourceTree = "<group>"; };
		01010136211EFA75002F0F7F /* SuggestionsTableView.swift */ = {isa = PBXFileReference; lastKnownFileType = sourcecode.swift; path = SuggestionsTableView.swift; sourceTree = "<group>"; };
		0101013821200DC5002F0F7F /* LiveUrlTableCellView.swift */ = {isa = PBXFileReference; lastKnownFileType = sourcecode.swift; path = LiveUrlTableCellView.swift; sourceTree = "<group>"; };
		010F0EF120F890DB00F33553 /* MainWindowController.swift */ = {isa = PBXFileReference; lastKnownFileType = sourcecode.swift; path = MainWindowController.swift; sourceTree = "<group>"; };
		010F0F1220FE1DD100F33553 /* Preferences.swift */ = {isa = PBXFileReference; lastKnownFileType = sourcecode.swift; path = Preferences.swift; sourceTree = "<group>"; };
		010F0F1820FE4F0900F33553 /* Bookmark.xcdatamodel */ = {isa = PBXFileReference; lastKnownFileType = wrapper.xcdatamodel; path = Bookmark.xcdatamodel; sourceTree = "<group>"; };
		01176CAC2713223200BB7E10 /* SDWebImage.xcframework */ = {isa = PBXFileReference; lastKnownFileType = wrapper.xcframework; name = SDWebImage.xcframework; path = Carthage/Build/SDWebImage.xcframework; sourceTree = "<group>"; };
		011E4D3221E99CA300997633 /* Log.swift */ = {isa = PBXFileReference; fileEncoding = 4; lastKnownFileType = sourcecode.swift; path = Log.swift; sourceTree = "<group>"; };
		01260170211948BF00C9C639 /* PreferencesTabViewController.swift */ = {isa = PBXFileReference; lastKnownFileType = sourcecode.swift; path = PreferencesTabViewController.swift; sourceTree = "<group>"; };
		012601732119FBF400C9C639 /* BilibiliCardTableCellView.swift */ = {isa = PBXFileReference; lastKnownFileType = sourcecode.swift; path = BilibiliCardTableCellView.swift; sourceTree = "<group>"; };
		01260177211ABD3B00C9C639 /* VideoViewsFormatter.swift */ = {isa = PBXFileReference; lastKnownFileType = sourcecode.swift; path = VideoViewsFormatter.swift; sourceTree = "<group>"; };
		0132B2E22123D05E001EB7DC /* BilibiliCardProgressView.swift */ = {isa = PBXFileReference; lastKnownFileType = sourcecode.swift; path = BilibiliCardProgressView.swift; sourceTree = "<group>"; };
		0132B2E42123D68D001EB7DC /* BilibiliCardImageBoxView.swift */ = {isa = PBXFileReference; lastKnownFileType = sourcecode.swift; path = BilibiliCardImageBoxView.swift; sourceTree = "<group>"; };
		013850F9214EA2AA003817CE /* huya.js */ = {isa = PBXFileReference; fileEncoding = 4; lastKnownFileType = sourcecode.javascript; path = huya.js; sourceTree = "<group>"; };
		01398984210F27A600B7042F /* PreferencesWindowController.swift */ = {isa = PBXFileReference; lastKnownFileType = sourcecode.swift; path = PreferencesWindowController.swift; sourceTree = "<group>"; };
		01398986210F58E500B7042F /* MainWindowTableRowView.swift */ = {isa = PBXFileReference; lastKnownFileType = sourcecode.swift; path = MainWindowTableRowView.swift; sourceTree = "<group>"; };
		013CE8DD2184459E000271FB /* Danmaku.swift */ = {isa = PBXFileReference; lastKnownFileType = sourcecode.swift; path = Danmaku.swift; sourceTree = "<group>"; };
		013CE8DF21854813000271FB /* VideoGet.swift */ = {isa = PBXFileReference; lastKnownFileType = sourcecode.swift; path = VideoGet.swift; sourceTree = "<group>"; };
		013CE8F52185D992000271FB /* HttpServer.swift */ = {isa = PBXFileReference; lastKnownFileType = sourcecode.swift; path = HttpServer.swift; sourceTree = "<group>"; };
		014327B622AF5BE100651064 /* OpenFilesWindow.storyboard */ = {isa = PBXFileReference; lastKnownFileType = file.storyboard; path = OpenFilesWindow.storyboard; sourceTree = "<group>"; };
		014327B822AF5BED00651064 /* OpenFilesViewController.swift */ = {isa = PBXFileReference; lastKnownFileType = sourcecode.swift; path = OpenFilesViewController.swift; sourceTree = "<group>"; };
		014327BC22AF5C9D00651064 /* OpenFilesWindowController.swift */ = {isa = PBXFileReference; lastKnownFileType = sourcecode.swift; path = OpenFilesWindowController.swift; sourceTree = "<group>"; };
		01479CD2210AF5F40046AAAD /* DataManager.swift */ = {isa = PBXFileReference; lastKnownFileType = sourcecode.swift; path = DataManager.swift; sourceTree = "<group>"; };
		01479CD4210AFACB0046AAAD /* AddBookmarkViewController.swift */ = {isa = PBXFileReference; lastKnownFileType = sourcecode.swift; path = AddBookmarkViewController.swift; sourceTree = "<group>"; };
		01479CD6210B35480046AAAD /* MainMenu.swift */ = {isa = PBXFileReference; lastKnownFileType = sourcecode.swift; path = MainMenu.swift; sourceTree = "<group>"; };
		014B447B210069FF00E7AA6A /* Bookmark.swift */ = {isa = PBXFileReference; lastKnownFileType = sourcecode.swift; path = Bookmark.swift; sourceTree = "<group>"; };
		014B447C210069FF00E7AA6A /* BookmarkExtension.swift */ = {isa = PBXFileReference; lastKnownFileType = sourcecode.swift; path = BookmarkExtension.swift; sourceTree = "<group>"; };
		014F53F526D8F2EB00B9E82A /* Cartfile */ = {isa = PBXFileReference; fileEncoding = 4; lastKnownFileType = text; path = Cartfile; sourceTree = SOURCE_ROOT; };
		014F53F826D9183F00B9E82A /* Gzip.xcframework */ = {isa = PBXFileReference; lastKnownFileType = wrapper.xcframework; name = Gzip.xcframework; path = Carthage/Build/Gzip.xcframework; sourceTree = "<group>"; };
		014F53FA26D9183F00B9E82A /* Marshal.xcframework */ = {isa = PBXFileReference; lastKnownFileType = wrapper.xcframework; name = Marshal.xcframework; path = Carthage/Build/Marshal.xcframework; sourceTree = "<group>"; };
		014F53FB26D9183F00B9E82A /* Alamofire.xcframework */ = {isa = PBXFileReference; lastKnownFileType = wrapper.xcframework; name = Alamofire.xcframework; path = Carthage/Build/Alamofire.xcframework; sourceTree = "<group>"; };
		014F53FC26D9183F00B9E82A /* SwiftProtobuf.xcframework */ = {isa = PBXFileReference; lastKnownFileType = wrapper.xcframework; name = SwiftProtobuf.xcframework; path = Carthage/Build/SwiftProtobuf.xcframework; sourceTree = "<group>"; };
		014F53FD26D9183F00B9E82A /* Swifter.xcframework */ = {isa = PBXFileReference; lastKnownFileType = wrapper.xcframework; name = Swifter.xcframework; path = Carthage/Build/Swifter.xcframework; sourceTree = "<group>"; };
		014F53FE26D9183F00B9E82A /* SwiftSoup.xcframework */ = {isa = PBXFileReference; lastKnownFileType = wrapper.xcframework; name = SwiftSoup.xcframework; path = Carthage/Build/SwiftSoup.xcframework; sourceTree = "<group>"; };
		014F53FF26D9183F00B9E82A /* PromiseKit.xcframework */ = {isa = PBXFileReference; lastKnownFileType = wrapper.xcframework; name = PromiseKit.xcframework; path = Carthage/Build/PromiseKit.xcframework; sourceTree = "<group>"; };
		014F540026D9183F00B9E82A /* CryptoSwift.xcframework */ = {isa = PBXFileReference; lastKnownFileType = wrapper.xcframework; name = CryptoSwift.xcframework; path = Carthage/Build/CryptoSwift.xcframework; sourceTree = "<group>"; };
		014F540126D9184000B9E82A /* Starscream.xcframework */ = {isa = PBXFileReference; lastKnownFileType = wrapper.xcframework; name = Starscream.xcframework; path = Carthage/Build/Starscream.xcframework; sourceTree = "<group>"; };
		014F540226D9184000B9E82A /* Sparkle.xcframework */ = {isa = PBXFileReference; lastKnownFileType = wrapper.xcframework; name = Sparkle.xcframework; path = Carthage/Build/Sparkle.xcframework; sourceTree = "<group>"; };
		014FD3A42115CB3000F05399 /* Bookmark v0.2.xcdatamodel */ = {isa = PBXFileReference; lastKnownFileType = wrapper.xcdatamodel; path = "Bookmark v0.2.xcdatamodel"; sourceTree = "<group>"; };
		015C19DB218B0D4F003B2F3A /* VideoGetStructs.swift */ = {isa = PBXFileReference; lastKnownFileType = sourcecode.swift; path = VideoGetStructs.swift; sourceTree = "<group>"; };
		015C19F5218FC9A8003B2F3A /* Block-List-Plus.xml */ = {isa = PBXFileReference; fileEncoding = 4; lastKnownFileType = text.xml; path = "Block-List-Plus.xml"; sourceTree = "<group>"; };
		015C19F6218FC9A8003B2F3A /* Block-List-Basic.xml */ = {isa = PBXFileReference; fileEncoding = 4; lastKnownFileType = text.xml; path = "Block-List-Basic.xml"; sourceTree = "<group>"; };
		015EDE26273D333900271901 /* LiveStateTransformers.swift */ = {isa = PBXFileReference; lastKnownFileType = sourcecode.swift; path = LiveStateTransformers.swift; sourceTree = "<group>"; };
		016792E0212BBB43003517A7 /* SelectVideoViewController.swift */ = {isa = PBXFileReference; lastKnownFileType = sourcecode.swift; path = SelectVideoViewController.swift; sourceTree = "<group>"; };
		016792E4212BDEE5003517A7 /* SelectVideoCollectionViewItem.swift */ = {isa = PBXFileReference; lastKnownFileType = sourcecode.swift; path = SelectVideoCollectionViewItem.swift; sourceTree = "<group>"; };
		016792E5212BDEE5003517A7 /* SelectVideoCollectionViewItem.xib */ = {isa = PBXFileReference; lastKnownFileType = file.xib; path = SelectVideoCollectionViewItem.xib; sourceTree = "<group>"; };
		016792ED212C421F003517A7 /* SelectVideoCollectionViewItemView.swift */ = {isa = PBXFileReference; lastKnownFileType = sourcecode.swift; path = SelectVideoCollectionViewItemView.swift; sourceTree = "<group>"; };
		01683DD8211869AE0016A886 /* BilibiliLoginViewController.swift */ = {isa = PBXFileReference; lastKnownFileType = sourcecode.swift; path = BilibiliLoginViewController.swift; sourceTree = "<group>"; };
		01683DDA2118905D0016A886 /* Bilibili.swift */ = {isa = PBXFileReference; lastKnownFileType = sourcecode.swift; path = Bilibili.swift; sourceTree = "<group>"; };
		01683DDD211924160016A886 /* BilibiliViewController.swift */ = {isa = PBXFileReference; lastKnownFileType = sourcecode.swift; path = BilibiliViewController.swift; sourceTree = "<group>"; };
		0169097F21CF472F008CDF0E /* SideBarImageView.swift */ = {isa = PBXFileReference; fileEncoding = 4; lastKnownFileType = sourcecode.swift; path = SideBarImageView.swift; sourceTree = "<group>"; };
		016E07C326BB8FDF000AB100 /* zh-Hans */ = {isa = PBXFileReference; lastKnownFileType = text.plist.strings; name = "zh-Hans"; path = "zh-Hans.lproj/Main.strings"; sourceTree = "<group>"; };
		0196CB6321214B4200BCD29E /* AdvancedViewController.swift */ = {isa = PBXFileReference; lastKnownFileType = sourcecode.swift; path = AdvancedViewController.swift; sourceTree = "<group>"; };
		0199489D2742852E00C71708 /* SupportSites.swift */ = {isa = PBXFileReference; lastKnownFileType = sourcecode.swift; path = SupportSites.swift; sourceTree = "<group>"; };
		019948BE2743DF3600C71708 /* ObjMenuItem.swift */ = {isa = PBXFileReference; lastKnownFileType = sourcecode.swift; path = ObjMenuItem.swift; sourceTree = "<group>"; };
		019AFB5F27380DEA00B4E458 /* Bookmark v0.3.xcdatamodel */ = {isa = PBXFileReference; lastKnownFileType = wrapper.xcdatamodel; path = "Bookmark v0.3.xcdatamodel"; sourceTree = "<group>"; };
		01AEC8A720EDFD01001406E8 /* IINA+.app */ = {isa = PBXFileReference; explicitFileType = wrapper.application; includeInIndex = 0; path = "IINA+.app"; sourceTree = BUILT_PRODUCTS_DIR; };
		01AEC8AA20EDFD01001406E8 /* AppDelegate.swift */ = {isa = PBXFileReference; lastKnownFileType = sourcecode.swift; path = AppDelegate.swift; sourceTree = "<group>"; };
		01AEC8AC20EDFD01001406E8 /* MainViewController.swift */ = {isa = PBXFileReference; lastKnownFileType = sourcecode.swift; path = MainViewController.swift; sourceTree = "<group>"; };
		01AEC8AE20EDFD02001406E8 /* Assets.xcassets */ = {isa = PBXFileReference; lastKnownFileType = folder.assetcatalog; path = Assets.xcassets; sourceTree = "<group>"; };
		01AEC8B120EDFD02001406E8 /* Base */ = {isa = PBXFileReference; lastKnownFileType = file.storyboard; name = Base; path = Base.lproj/Main.storyboard; sourceTree = "<group>"; };
		01AEC8B320EDFD02001406E8 /* Info.plist */ = {isa = PBXFileReference; lastKnownFileType = text.plist.xml; path = Info.plist; sourceTree = "<group>"; };
		01AEC8BB20EDFFBD001406E8 /* YouGetJSON.swift */ = {isa = PBXFileReference; lastKnownFileType = sourcecode.swift; path = YouGetJSON.swift; sourceTree = "<group>"; };
		01AEC8BD20EE108B001406E8 /* Processes.swift */ = {isa = PBXFileReference; lastKnownFileType = sourcecode.swift; path = Processes.swift; sourceTree = "<group>"; };
		01AEC8C120EFBCCF001406E8 /* MPVOption.swift */ = {isa = PBXFileReference; fileEncoding = 4; lastKnownFileType = sourcecode.swift; path = MPVOption.swift; sourceTree = "<group>"; };
		01AEC8C820F1081C001406E8 /* Identifiers.swift */ = {isa = PBXFileReference; lastKnownFileType = sourcecode.swift; path = Identifiers.swift; sourceTree = "<group>"; };
		01C373582429F2C2006778D1 /* README.md */ = {isa = PBXFileReference; fileEncoding = 4; lastKnownFileType = net.daringfireball.markdown; path = README.md; sourceTree = SOURCE_ROOT; };
		01CEA849264255EF0021A645 /* FontSelectorViewController.swift */ = {isa = PBXFileReference; lastKnownFileType = sourcecode.swift; path = FontSelectorViewController.swift; sourceTree = "<group>"; };
		01DCD2F8259710D800D286C8 /* BilibiliDM.swift */ = {isa = PBXFileReference; fileEncoding = 4; lastKnownFileType = sourcecode.swift; path = BilibiliDM.swift; sourceTree = "<group>"; };
		01E40FDF22C06BDC00864118 /* DataResponseExtension.swift */ = {isa = PBXFileReference; lastKnownFileType = sourcecode.swift; path = DataResponseExtension.swift; sourceTree = "<group>"; };
		01E40FEA22C304E800864118 /* ImageLoader.swift */ = {isa = PBXFileReference; lastKnownFileType = sourcecode.swift; path = ImageLoader.swift; sourceTree = "<group>"; };
		01E40FF722C39E7100864118 /* zh-Hans */ = {isa = PBXFileReference; lastKnownFileType = text.plist.strings; name = "zh-Hans"; path = "zh-Hans.lproj/Localizable.strings"; sourceTree = "<group>"; };
		01E40FF922C39E7700864118 /* en */ = {isa = PBXFileReference; lastKnownFileType = text.plist.strings; name = en; path = en.lproj/Localizable.strings; sourceTree = "<group>"; };
		01E6A09B211AD62800C6EF98 /* VideoDurationFormatter.swift */ = {isa = PBXFileReference; lastKnownFileType = sourcecode.swift; path = VideoDurationFormatter.swift; sourceTree = "<group>"; };
		01E8CAC4213D236E00C4939B /* default.css */ = {isa = PBXFileReference; fileEncoding = 4; lastKnownFileType = text.css; path = default.css; sourceTree = "<group>"; };
		01E8CAC5213D236E00C4939B /* index.htm */ = {isa = PBXFileReference; fileEncoding = 4; lastKnownFileType = text.html; path = index.htm; sourceTree = "<group>"; };
		01E8CAC6213D236E00C4939B /* main.js */ = {isa = PBXFileReference; fileEncoding = 4; lastKnownFileType = sourcecode.javascript; path = main.js; sourceTree = "<group>"; };
		01E8CACA213D263000C4939B /* CommentCoreLibrary.js */ = {isa = PBXFileReference; fileEncoding = 4; lastKnownFileType = sourcecode.javascript; path = CommentCoreLibrary.js; sourceTree = "<group>"; };
		01E8CACC213D263800C4939B /* style.css */ = {isa = PBXFileReference; fileEncoding = 4; lastKnownFileType = text.css; path = style.css; sourceTree = "<group>"; };
		01F46CA02102EF4600FE9DAD /* GereralViewController.swift */ = {isa = PBXFileReference; lastKnownFileType = sourcecode.swift; path = GereralViewController.swift; sourceTree = "<group>"; };
		01F46CDC2108C55C00FE9DAD /* iina+.entitlements */ = {isa = PBXFileReference; lastKnownFileType = text.plist.entitlements; path = "iina+.entitlements"; sourceTree = "<group>"; };
		01F515192109F002007C7153 /* LiveStatusTableCellView.swift */ = {isa = PBXFileReference; lastKnownFileType = sourcecode.swift; path = LiveStatusTableCellView.swift; sourceTree = "<group>"; };
		01F6C4F2213396B20009672A /* iina+-Bridging-Header.h */ = {isa = PBXFileReference; lastKnownFileType = sourcecode.c.h; path = "iina+-Bridging-Header.h"; sourceTree = "<group>"; };
/* End PBXFileReference section */

/* Begin PBXFrameworksBuildPhase section */
		01AEC8A420EDFD01001406E8 /* Frameworks */ = {
			isa = PBXFrameworksBuildPhase;
			buildActionMask = 2147483647;
			files = (
				014F540D26D9184000B9E82A /* Swifter.xcframework in Frameworks */,
				014F540926D9184000B9E82A /* Alamofire.xcframework in Frameworks */,
				014F540B26D9184000B9E82A /* SwiftProtobuf.xcframework in Frameworks */,
				014F540F26D9184000B9E82A /* SwiftSoup.xcframework in Frameworks */,
				01176CAD2713223200BB7E10 /* SDWebImage.xcframework in Frameworks */,
				014F541726D9184100B9E82A /* Sparkle.xcframework in Frameworks */,
				014F541526D9184100B9E82A /* Starscream.xcframework in Frameworks */,
				014F541126D9184000B9E82A /* PromiseKit.xcframework in Frameworks */,
				014F540326D9184000B9E82A /* Gzip.xcframework in Frameworks */,
				014F540726D9184000B9E82A /* Marshal.xcframework in Frameworks */,
				014F541326D9184000B9E82A /* CryptoSwift.xcframework in Frameworks */,
			);
			runOnlyForDeploymentPostprocessing = 0;
		};
/* End PBXFrameworksBuildPhase section */

/* Begin PBXGroup section */
		0101012C211DCE22002F0F7F /* Siderbar */ = {
			isa = PBXGroup;
			children = (
				01010126211DCAE8002F0F7F /* SidebarViewController.swift */,
				0101012A211DCE1C002F0F7F /* SidebarTableCellView.swift */,
				0101012D211DE83B002F0F7F /* SidebarTableView.swift */,
				0169097F21CF472F008CDF0E /* SideBarImageView.swift */,
			);
			path = Siderbar;
			sourceTree = "<group>";
		};
		01010133211E9AA1002F0F7F /* TableViewCustomViews */ = {
			isa = PBXGroup;
			children = (
				01398986210F58E500B7042F /* MainWindowTableRowView.swift */,
				01F515192109F002007C7153 /* LiveStatusTableCellView.swift */,
				015EDE26273D333900271901 /* LiveStateTransformers.swift */,
				0101013821200DC5002F0F7F /* LiveUrlTableCellView.swift */,
				012601732119FBF400C9C639 /* BilibiliCardTableCellView.swift */,
				0101012F211E987D002F0F7F /* SuggestionsTableCellView.swift */,
				01010130211E987D002F0F7F /* WaitingTableCellView.swift */,
				0132B2E22123D05E001EB7DC /* BilibiliCardProgressView.swift */,
				0132B2E42123D68D001EB7DC /* BilibiliCardImageBoxView.swift */,
			);
			path = TableViewCustomViews;
			sourceTree = "<group>";
		};
		010F0EF320F8930500F33553 /* Views */ = {
			isa = PBXGroup;
			children = (
				0101012C211DCE22002F0F7F /* Siderbar */,
				01F46C9F2102EEFB00FE9DAD /* Preferences */,
				01479CD8210B35D80046AAAD /* MainWindow */,
				014327B522AF5BB700651064 /* Open Files */,
				01AEC8B020EDFD02001406E8 /* Main.storyboard */,
				01479CD6210B35480046AAAD /* MainMenu.swift */,
				01AEC8C820F1081C001406E8 /* Identifiers.swift */,
			);
			path = Views;
			sourceTree = "<group>";
		};
		010F0F2E20FF414E00F33553 /* Core Data */ = {
			isa = PBXGroup;
			children = (
				010F0F1720FE4F0900F33553 /* DataModel.xcdatamodeld */,
				014B447B210069FF00E7AA6A /* Bookmark.swift */,
				014B447C210069FF00E7AA6A /* BookmarkExtension.swift */,
				01479CD2210AF5F40046AAAD /* DataManager.swift */,
			);
			path = "Core Data";
			sourceTree = "<group>";
		};
		012601722119BA6D00C9C639 /* Utils */ = {
			isa = PBXGroup;
			children = (
				01DCD2F8259710D800D286C8 /* BilibiliDM.swift */,
				013CE8DD2184459E000271FB /* Danmaku.swift */,
				013CE8F52185D992000271FB /* HttpServer.swift */,
				013CE8DF21854813000271FB /* VideoGet.swift */,
				015C19DB218B0D4F003B2F3A /* VideoGetStructs.swift */,
				0199489D2742852E00C71708 /* SupportSites.swift */,
				01683DDA2118905D0016A886 /* Bilibili.swift */,
				01260177211ABD3B00C9C639 /* VideoViewsFormatter.swift */,
				01E6A09B211AD62800C6EF98 /* VideoDurationFormatter.swift */,
				01AEC8BB20EDFFBD001406E8 /* YouGetJSON.swift */,
				01AEC8BD20EE108B001406E8 /* Processes.swift */,
				01010124211DBC27002F0F7F /* StringExtension.swift */,
				01AEC8C120EFBCCF001406E8 /* MPVOption.swift */,
				011E4D3221E99CA300997633 /* Log.swift */,
				01E40FDF22C06BDC00864118 /* DataResponseExtension.swift */,
				01E40FEA22C304E800864118 /* ImageLoader.swift */,
			);
			path = Utils;
			sourceTree = "<group>";
		};
		014327B522AF5BB700651064 /* Open Files */ = {
			isa = PBXGroup;
			children = (
				014327BC22AF5C9D00651064 /* OpenFilesWindowController.swift */,
				014327B822AF5BED00651064 /* OpenFilesViewController.swift */,
				014327B622AF5BE100651064 /* OpenFilesWindow.storyboard */,
			);
			path = "Open Files";
			sourceTree = "<group>";
		};
		01479CD8210B35D80046AAAD /* MainWindow */ = {
			isa = PBXGroup;
			children = (
				01010133211E9AA1002F0F7F /* TableViewCustomViews */,
				016792E8212BF89A003517A7 /* SelectVideoCollectionView */,
				010F0EF120F890DB00F33553 /* MainWindowController.swift */,
				01AEC8AC20EDFD01001406E8 /* MainViewController.swift */,
				019948BE2743DF3600C71708 /* ObjMenuItem.swift */,
				01479CD4210AFACB0046AAAD /* AddBookmarkViewController.swift */,
				01010136211EFA75002F0F7F /* SuggestionsTableView.swift */,
			);
			path = MainWindow;
			sourceTree = "<group>";
		};
		014F53F726D9183F00B9E82A /* Frameworks */ = {
			isa = PBXGroup;
			children = (
				01176CAC2713223200BB7E10 /* SDWebImage.xcframework */,
				014F53FB26D9183F00B9E82A /* Alamofire.xcframework */,
				014F540026D9183F00B9E82A /* CryptoSwift.xcframework */,
				014F53F826D9183F00B9E82A /* Gzip.xcframework */,
				014F53FA26D9183F00B9E82A /* Marshal.xcframework */,
				014F53FF26D9183F00B9E82A /* PromiseKit.xcframework */,
				014F540226D9184000B9E82A /* Sparkle.xcframework */,
				014F540126D9184000B9E82A /* Starscream.xcframework */,
				014F53FD26D9183F00B9E82A /* Swifter.xcframework */,
				014F53FC26D9183F00B9E82A /* SwiftProtobuf.xcframework */,
				014F53FE26D9183F00B9E82A /* SwiftSoup.xcframework */,
			);
			name = Frameworks;
			sourceTree = "<group>";
		};
		016792E8212BF89A003517A7 /* SelectVideoCollectionView */ = {
			isa = PBXGroup;
			children = (
				016792E0212BBB43003517A7 /* SelectVideoViewController.swift */,
				016792E4212BDEE5003517A7 /* SelectVideoCollectionViewItem.swift */,
				016792ED212C421F003517A7 /* SelectVideoCollectionViewItemView.swift */,
				016792E5212BDEE5003517A7 /* SelectVideoCollectionViewItem.xib */,
			);
			path = SelectVideoCollectionView;
			sourceTree = "<group>";
		};
		019EB39D21453A97000FD123 /* Resources */ = {
			isa = PBXGroup;
			children = (
				015C19F6218FC9A8003B2F3A /* Block-List-Basic.xml */,
				015C19F5218FC9A8003B2F3A /* Block-List-Plus.xml */,
				013850F9214EA2AA003817CE /* huya.js */,
				01E40FF822C39E7100864118 /* Localizable.strings */,
			);
			name = Resources;
			sourceTree = "<group>";
		};
		01AEC89E20EDFD01001406E8 = {
			isa = PBXGroup;
			children = (
				01AEC8A920EDFD01001406E8 /* IINA+ */,
				01AEC8A820EDFD01001406E8 /* Products */,
				014F53F726D9183F00B9E82A /* Frameworks */,
			);
			sourceTree = "<group>";
		};
		01AEC8A820EDFD01001406E8 /* Products */ = {
			isa = PBXGroup;
			children = (
				01AEC8A720EDFD01001406E8 /* IINA+.app */,
			);
			name = Products;
			sourceTree = "<group>";
		};
		01AEC8A920EDFD01001406E8 /* IINA+ */ = {
			isa = PBXGroup;
			children = (
				01C373582429F2C2006778D1 /* README.md */,
				01F46CDC2108C55C00FE9DAD /* iina+.entitlements */,
				014F53F526D8F2EB00B9E82A /* Cartfile */,
				019EB39D21453A97000FD123 /* Resources */,
				01E8CAC3213D235A00C4939B /* DanmakuWeb */,
				01AEC8BA20EDFD3F001406E8 /* Assets */,
				010F0F2E20FF414E00F33553 /* Core Data */,
				012601722119BA6D00C9C639 /* Utils */,
				010F0EF320F8930500F33553 /* Views */,
				01AEC8AA20EDFD01001406E8 /* AppDelegate.swift */,
				010F0F1220FE1DD100F33553 /* Preferences.swift */,
				01AEC8B320EDFD02001406E8 /* Info.plist */,
				01F6C4F2213396B20009672A /* iina+-Bridging-Header.h */,
			);
			path = "IINA+";
			sourceTree = "<group>";
		};
		01AEC8BA20EDFD3F001406E8 /* Assets */ = {
			isa = PBXGroup;
			children = (
				01AEC8AE20EDFD02001406E8 /* Assets.xcassets */,
			);
			path = Assets;
			sourceTree = "<group>";
		};
		01E8CAC3213D235A00C4939B /* DanmakuWeb */ = {
			isa = PBXGroup;
			children = (
				01E8CAC4213D236E00C4939B /* default.css */,
				01E8CAC5213D236E00C4939B /* index.htm */,
				01E8CAC6213D236E00C4939B /* main.js */,
				01E8CACE213D264300C4939B /* CommentCoreLibrary */,
			);
			path = DanmakuWeb;
			sourceTree = "<group>";
		};
		01E8CACE213D264300C4939B /* CommentCoreLibrary */ = {
			isa = PBXGroup;
			children = (
				01E8CACA213D263000C4939B /* CommentCoreLibrary.js */,
				01E8CACC213D263800C4939B /* style.css */,
			);
			path = CommentCoreLibrary;
			sourceTree = "<group>";
		};
		01F46C9F2102EEFB00FE9DAD /* Preferences */ = {
			isa = PBXGroup;
			children = (
				0196CB6321214B4200BCD29E /* AdvancedViewController.swift */,
				01683DD8211869AE0016A886 /* BilibiliLoginViewController.swift */,
				01683DDD211924160016A886 /* BilibiliViewController.swift */,
				01F46CA02102EF4600FE9DAD /* GereralViewController.swift */,
				01CEA849264255EF0021A645 /* FontSelectorViewController.swift */,
				01260170211948BF00C9C639 /* PreferencesTabViewController.swift */,
				01398984210F27A600B7042F /* PreferencesWindowController.swift */,
			);
			path = Preferences;
			sourceTree = "<group>";
		};
/* End PBXGroup section */

/* Begin PBXNativeTarget section */
		01AEC8A620EDFD01001406E8 /* IINA+ */ = {
			isa = PBXNativeTarget;
			buildConfigurationList = 01AEC8B720EDFD02001406E8 /* Build configuration list for PBXNativeTarget "IINA+" */;
			buildPhases = (
				01AEC8A320EDFD01001406E8 /* Sources */,
				01AEC8A420EDFD01001406E8 /* Frameworks */,
				01AEC8A520EDFD01001406E8 /* Resources */,
				019BFF5D212485B900E715CC /* ShellScript */,
				013CE8EF2185D09F000271FB /* Copy Danamaku Files */,
				014F541926D9184100B9E82A /* Embed Frameworks */,
			);
			buildRules = (
			);
			dependencies = (
			);
			name = "IINA+";
			packageProductDependencies = (
			);
			productName = "iina+";
			productReference = 01AEC8A720EDFD01001406E8 /* IINA+.app */;
			productType = "com.apple.product-type.application";
		};
/* End PBXNativeTarget section */

/* Begin PBXProject section */
		01AEC89F20EDFD01001406E8 /* Project object */ = {
			isa = PBXProject;
			attributes = {
				LastSwiftUpdateCheck = 0940;
				LastUpgradeCheck = 1200;
				ORGANIZATIONNAME = xjbeta;
				TargetAttributes = {
					01AEC8A620EDFD01001406E8 = {
						CreatedOnToolsVersion = 9.4.1;
						LastSwiftMigration = 1020;
						SystemCapabilities = {
							com.apple.ApplicationGroups.Mac = {
								enabled = 0;
							};
							com.apple.Push = {
								enabled = 0;
							};
							com.apple.Sandbox = {
								enabled = 0;
							};
						};
					};
				};
			};
			buildConfigurationList = 01AEC8A220EDFD01001406E8 /* Build configuration list for PBXProject "IINA+" */;
			compatibilityVersion = "Xcode 9.3";
			developmentRegion = en;
			hasScannedForEncodings = 0;
			knownRegions = (
				en,
				Base,
				"zh-Hans",
			);
			mainGroup = 01AEC89E20EDFD01001406E8;
			packageReferences = (
			);
			productRefGroup = 01AEC8A820EDFD01001406E8 /* Products */;
			projectDirPath = "";
			projectRoot = "";
			targets = (
				01AEC8A620EDFD01001406E8 /* IINA+ */,
			);
		};
/* End PBXProject section */

/* Begin PBXResourcesBuildPhase section */
		01AEC8A520EDFD01001406E8 /* Resources */ = {
			isa = PBXResourcesBuildPhase;
			buildActionMask = 2147483647;
			files = (
				014F53F626D8F2EB00B9E82A /* Cartfile in Resources */,
				01AEC8AF20EDFD02001406E8 /* Assets.xcassets in Resources */,
				01C373592429F2C2006778D1 /* README.md in Resources */,
				015C19F7218FC9A8003B2F3A /* Block-List-Plus.xml in Resources */,
				016792E7212BDEE5003517A7 /* SelectVideoCollectionViewItem.xib in Resources */,
				01E40FF622C39E7100864118 /* Localizable.strings in Resources */,
				013850FA214EA2AA003817CE /* huya.js in Resources */,
				01AEC8B220EDFD02001406E8 /* Main.storyboard in Resources */,
				015C19F8218FC9A8003B2F3A /* Block-List-Basic.xml in Resources */,
				014327B722AF5BE100651064 /* OpenFilesWindow.storyboard in Resources */,
			);
			runOnlyForDeploymentPostprocessing = 0;
		};
/* End PBXResourcesBuildPhase section */

/* Begin PBXShellScriptBuildPhase section */
		019BFF5D212485B900E715CC /* ShellScript */ = {
			isa = PBXShellScriptBuildPhase;
			buildActionMask = 8;
			files = (
			);
			inputFileListPaths = (
			);
			inputPaths = (
			);
			outputFileListPaths = (
			);
			outputPaths = (
			);
			runOnlyForDeploymentPostprocessing = 1;
			shellPath = /bin/sh;
			shellScript = "#!/bin/bash\nBUILD_NUMBER=`date +%y%m%d%H`\n/usr/libexec/PlistBuddy -c \"Set :CFBundleVersion $BUILD_NUMBER\" \"${TARGET_BUILD_DIR}\"/\"${INFOPLIST_PATH}\"\n";
		};
/* End PBXShellScriptBuildPhase section */

/* Begin PBXSourcesBuildPhase section */
		01AEC8A320EDFD01001406E8 /* Sources */ = {
			isa = PBXSourcesBuildPhase;
			buildActionMask = 2147483647;
			files = (
				01DCD2F9259710D800D286C8 /* BilibiliDM.swift in Sources */,
				010F0F1920FE4F0900F33553 /* DataModel.xcdatamodeld in Sources */,
				013CE8F62185D992000271FB /* HttpServer.swift in Sources */,
				016792E6212BDEE5003517A7 /* SelectVideoCollectionViewItem.swift in Sources */,
				0101013921200DC5002F0F7F /* LiveUrlTableCellView.swift in Sources */,
				01479CD3210AF5F40046AAAD /* DataManager.swift in Sources */,
				01398985210F27A600B7042F /* PreferencesWindowController.swift in Sources */,
				01AEC8BE20EE108B001406E8 /* Processes.swift in Sources */,
				012601742119FBF400C9C639 /* BilibiliCardTableCellView.swift in Sources */,
				01010127211DCAE8002F0F7F /* SidebarViewController.swift in Sources */,
				01CEA84A264255EF0021A645 /* FontSelectorViewController.swift in Sources */,
				01AEC8C220EFBCCF001406E8 /* MPVOption.swift in Sources */,
				014327BA22AF5BED00651064 /* OpenFilesViewController.swift in Sources */,
				016792EE212C421F003517A7 /* SelectVideoCollectionViewItemView.swift in Sources */,
				01AEC8C920F1081C001406E8 /* Identifiers.swift in Sources */,
				01010125211DBC27002F0F7F /* StringExtension.swift in Sources */,
				0196CB6421214B4200BCD29E /* AdvancedViewController.swift in Sources */,
				0199489E2742852E00C71708 /* SupportSites.swift in Sources */,
				01AEC8AD20EDFD01001406E8 /* MainViewController.swift in Sources */,
				019948BF2743DF3600C71708 /* ObjMenuItem.swift in Sources */,
				01683DDB2118905D0016A886 /* Bilibili.swift in Sources */,
				01260178211ABD3B00C9C639 /* VideoViewsFormatter.swift in Sources */,
				014B447E210069FF00E7AA6A /* BookmarkExtension.swift in Sources */,
				01479CD5210AFACB0046AAAD /* AddBookmarkViewController.swift in Sources */,
				01479CD7210B35480046AAAD /* MainMenu.swift in Sources */,
				01E40FEB22C304E800864118 /* ImageLoader.swift in Sources */,
				01F46CA12102EF4600FE9DAD /* GereralViewController.swift in Sources */,
				015C19DC218B0D4F003B2F3A /* VideoGetStructs.swift in Sources */,
				013CE8DE2184459E000271FB /* Danmaku.swift in Sources */,
				0101012B211DCE1C002F0F7F /* SidebarTableCellView.swift in Sources */,
				011E4D3321E99CA400997633 /* Log.swift in Sources */,
				01F5151A2109F002007C7153 /* LiveStatusTableCellView.swift in Sources */,
				014B447D210069FF00E7AA6A /* Bookmark.swift in Sources */,
				01398987210F58E500B7042F /* MainWindowTableRowView.swift in Sources */,
				015EDE27273D333900271901 /* LiveStateTransformers.swift in Sources */,
				01AEC8BC20EDFFBD001406E8 /* YouGetJSON.swift in Sources */,
				0132B2E52123D68D001EB7DC /* BilibiliCardImageBoxView.swift in Sources */,
				01683DD9211869AE0016A886 /* BilibiliLoginViewController.swift in Sources */,
				010F0F1320FE1DD100F33553 /* Preferences.swift in Sources */,
				014327BD22AF5C9D00651064 /* OpenFilesWindowController.swift in Sources */,
				01260171211948BF00C9C639 /* PreferencesTabViewController.swift in Sources */,
				01010131211E987D002F0F7F /* SuggestionsTableCellView.swift in Sources */,
				010F0EF220F890DB00F33553 /* MainWindowController.swift in Sources */,
				01E40FE022C06BDC00864118 /* DataResponseExtension.swift in Sources */,
				01010132211E987D002F0F7F /* WaitingTableCellView.swift in Sources */,
				013CE8E021854813000271FB /* VideoGet.swift in Sources */,
				01683DDE211924160016A886 /* BilibiliViewController.swift in Sources */,
				01AEC8AB20EDFD01001406E8 /* AppDelegate.swift in Sources */,
				01010137211EFA75002F0F7F /* SuggestionsTableView.swift in Sources */,
				01E6A09C211AD62800C6EF98 /* VideoDurationFormatter.swift in Sources */,
				0169098021CF472F008CDF0E /* SideBarImageView.swift in Sources */,
				0132B2E32123D05E001EB7DC /* BilibiliCardProgressView.swift in Sources */,
				016792E1212BBB43003517A7 /* SelectVideoViewController.swift in Sources */,
				0101012E211DE83B002F0F7F /* SidebarTableView.swift in Sources */,
			);
			runOnlyForDeploymentPostprocessing = 0;
		};
/* End PBXSourcesBuildPhase section */

/* Begin PBXVariantGroup section */
		01AEC8B020EDFD02001406E8 /* Main.storyboard */ = {
			isa = PBXVariantGroup;
			children = (
				01AEC8B120EDFD02001406E8 /* Base */,
				016E07C326BB8FDF000AB100 /* zh-Hans */,
			);
			name = Main.storyboard;
			sourceTree = "<group>";
		};
		01E40FF822C39E7100864118 /* Localizable.strings */ = {
			isa = PBXVariantGroup;
			children = (
				01E40FF722C39E7100864118 /* zh-Hans */,
				01E40FF922C39E7700864118 /* en */,
			);
			name = Localizable.strings;
			sourceTree = "<group>";
		};
/* End PBXVariantGroup section */

/* Begin XCBuildConfiguration section */
		01AEC8B520EDFD02001406E8 /* Debug */ = {
			isa = XCBuildConfiguration;
			buildSettings = {
				ALWAYS_SEARCH_USER_PATHS = NO;
				CLANG_ANALYZER_LOCALIZABILITY_NONLOCALIZED = YES;
				CLANG_ANALYZER_NONNULL = YES;
				CLANG_ANALYZER_NUMBER_OBJECT_CONVERSION = YES_AGGRESSIVE;
				CLANG_CXX_LANGUAGE_STANDARD = "gnu++14";
				CLANG_CXX_LIBRARY = "libc++";
				CLANG_ENABLE_MODULES = YES;
				CLANG_ENABLE_OBJC_ARC = YES;
				CLANG_ENABLE_OBJC_WEAK = YES;
				CLANG_WARN_BLOCK_CAPTURE_AUTORELEASING = YES;
				CLANG_WARN_BOOL_CONVERSION = YES;
				CLANG_WARN_COMMA = YES;
				CLANG_WARN_CONSTANT_CONVERSION = YES;
				CLANG_WARN_DEPRECATED_OBJC_IMPLEMENTATIONS = YES;
				CLANG_WARN_DIRECT_OBJC_ISA_USAGE = YES_ERROR;
				CLANG_WARN_DOCUMENTATION_COMMENTS = YES;
				CLANG_WARN_EMPTY_BODY = YES;
				CLANG_WARN_ENUM_CONVERSION = YES;
				CLANG_WARN_INFINITE_RECURSION = YES;
				CLANG_WARN_INT_CONVERSION = YES;
				CLANG_WARN_NON_LITERAL_NULL_CONVERSION = YES;
				CLANG_WARN_OBJC_IMPLICIT_RETAIN_SELF = YES;
				CLANG_WARN_OBJC_LITERAL_CONVERSION = YES;
				CLANG_WARN_OBJC_ROOT_CLASS = YES_ERROR;
				CLANG_WARN_QUOTED_INCLUDE_IN_FRAMEWORK_HEADER = YES;
				CLANG_WARN_RANGE_LOOP_ANALYSIS = YES;
				CLANG_WARN_STRICT_PROTOTYPES = YES;
				CLANG_WARN_SUSPICIOUS_MOVE = YES;
				CLANG_WARN_UNGUARDED_AVAILABILITY = YES_AGGRESSIVE;
				CLANG_WARN_UNREACHABLE_CODE = YES;
				CLANG_WARN__DUPLICATE_METHOD_MATCH = YES;
				CODE_SIGN_IDENTITY = "Mac Developer";
				COPY_PHASE_STRIP = NO;
				DEBUG_INFORMATION_FORMAT = dwarf;
				ENABLE_STRICT_OBJC_MSGSEND = YES;
				ENABLE_TESTABILITY = YES;
				GCC_C_LANGUAGE_STANDARD = gnu11;
				GCC_DYNAMIC_NO_PIC = NO;
				GCC_NO_COMMON_BLOCKS = YES;
				GCC_OPTIMIZATION_LEVEL = 0;
				GCC_PREPROCESSOR_DEFINITIONS = (
					"DEBUG=1",
					"$(inherited)",
				);
				GCC_WARN_64_TO_32_BIT_CONVERSION = YES;
				GCC_WARN_ABOUT_RETURN_TYPE = YES_ERROR;
				GCC_WARN_UNDECLARED_SELECTOR = YES;
				GCC_WARN_UNINITIALIZED_AUTOS = YES_AGGRESSIVE;
				GCC_WARN_UNUSED_FUNCTION = YES;
				GCC_WARN_UNUSED_VARIABLE = YES;
				MACOSX_DEPLOYMENT_TARGET = 10.13;
				MTL_ENABLE_DEBUG_INFO = YES;
				ONLY_ACTIVE_ARCH = YES;
				SDKROOT = macosx;
				SWIFT_ACTIVE_COMPILATION_CONDITIONS = DEBUG;
				SWIFT_OPTIMIZATION_LEVEL = "-Onone";
			};
			name = Debug;
		};
		01AEC8B620EDFD02001406E8 /* Release */ = {
			isa = XCBuildConfiguration;
			buildSettings = {
				ALWAYS_SEARCH_USER_PATHS = NO;
				CLANG_ANALYZER_LOCALIZABILITY_NONLOCALIZED = YES;
				CLANG_ANALYZER_NONNULL = YES;
				CLANG_ANALYZER_NUMBER_OBJECT_CONVERSION = YES_AGGRESSIVE;
				CLANG_CXX_LANGUAGE_STANDARD = "gnu++14";
				CLANG_CXX_LIBRARY = "libc++";
				CLANG_ENABLE_MODULES = YES;
				CLANG_ENABLE_OBJC_ARC = YES;
				CLANG_ENABLE_OBJC_WEAK = YES;
				CLANG_WARN_BLOCK_CAPTURE_AUTORELEASING = YES;
				CLANG_WARN_BOOL_CONVERSION = YES;
				CLANG_WARN_COMMA = YES;
				CLANG_WARN_CONSTANT_CONVERSION = YES;
				CLANG_WARN_DEPRECATED_OBJC_IMPLEMENTATIONS = YES;
				CLANG_WARN_DIRECT_OBJC_ISA_USAGE = YES_ERROR;
				CLANG_WARN_DOCUMENTATION_COMMENTS = YES;
				CLANG_WARN_EMPTY_BODY = YES;
				CLANG_WARN_ENUM_CONVERSION = YES;
				CLANG_WARN_INFINITE_RECURSION = YES;
				CLANG_WARN_INT_CONVERSION = YES;
				CLANG_WARN_NON_LITERAL_NULL_CONVERSION = YES;
				CLANG_WARN_OBJC_IMPLICIT_RETAIN_SELF = YES;
				CLANG_WARN_OBJC_LITERAL_CONVERSION = YES;
				CLANG_WARN_OBJC_ROOT_CLASS = YES_ERROR;
				CLANG_WARN_QUOTED_INCLUDE_IN_FRAMEWORK_HEADER = YES;
				CLANG_WARN_RANGE_LOOP_ANALYSIS = YES;
				CLANG_WARN_STRICT_PROTOTYPES = YES;
				CLANG_WARN_SUSPICIOUS_MOVE = YES;
				CLANG_WARN_UNGUARDED_AVAILABILITY = YES_AGGRESSIVE;
				CLANG_WARN_UNREACHABLE_CODE = YES;
				CLANG_WARN__DUPLICATE_METHOD_MATCH = YES;
				CODE_SIGN_IDENTITY = "Mac Developer";
				COPY_PHASE_STRIP = NO;
				DEBUG_INFORMATION_FORMAT = "dwarf-with-dsym";
				ENABLE_NS_ASSERTIONS = NO;
				ENABLE_STRICT_OBJC_MSGSEND = YES;
				GCC_C_LANGUAGE_STANDARD = gnu11;
				GCC_NO_COMMON_BLOCKS = YES;
				GCC_WARN_64_TO_32_BIT_CONVERSION = YES;
				GCC_WARN_ABOUT_RETURN_TYPE = YES_ERROR;
				GCC_WARN_UNDECLARED_SELECTOR = YES;
				GCC_WARN_UNINITIALIZED_AUTOS = YES_AGGRESSIVE;
				GCC_WARN_UNUSED_FUNCTION = YES;
				GCC_WARN_UNUSED_VARIABLE = YES;
				MACOSX_DEPLOYMENT_TARGET = 10.13;
				MTL_ENABLE_DEBUG_INFO = NO;
				SDKROOT = macosx;
				SWIFT_COMPILATION_MODE = wholemodule;
				SWIFT_OPTIMIZATION_LEVEL = "-O";
			};
			name = Release;
		};
		01AEC8B820EDFD02001406E8 /* Debug */ = {
			isa = XCBuildConfiguration;
			buildSettings = {
				ASSETCATALOG_COMPILER_APPICON_NAME = AppIcon;
				CODE_SIGN_IDENTITY = "-";
				COMBINE_HIDPI_IMAGES = YES;
				DEVELOPMENT_TEAM = "";
				FRAMEWORK_SEARCH_PATHS = "$(inherited)";
				GCC_OPTIMIZATION_LEVEL = 0;
				INFOPLIST_FILE = "iina+/Info.plist";
				LD_RUNPATH_SEARCH_PATHS = (
					"$(inherited)",
					"@executable_path/../Frameworks",
				);
				MACOSX_DEPLOYMENT_TARGET = 10.12;
				MARKETING_VERSION = 0.5.23;
				PRODUCT_BUNDLE_IDENTIFIER = "com.xjbeta.iina-plus";
				PRODUCT_NAME = "$(TARGET_NAME)";
				PROVISIONING_PROFILE_SPECIFIER = "";
				SWIFT_OBJC_BRIDGING_HEADER = "iina+/iina+-Bridging-Header.h";
				SWIFT_OPTIMIZATION_LEVEL = "-Onone";
				SWIFT_VERSION = 5.0;
			};
			name = Debug;
		};
		01AEC8B920EDFD02001406E8 /* Release */ = {
			isa = XCBuildConfiguration;
			buildSettings = {
				ASSETCATALOG_COMPILER_APPICON_NAME = AppIcon;
				CODE_SIGN_IDENTITY = "-";
				COMBINE_HIDPI_IMAGES = YES;
				DEVELOPMENT_TEAM = "";
				FRAMEWORK_SEARCH_PATHS = "$(inherited)";
				INFOPLIST_FILE = "iina+/Info.plist";
				LD_RUNPATH_SEARCH_PATHS = (
					"$(inherited)",
					"@executable_path/../Frameworks",
				);
				MACOSX_DEPLOYMENT_TARGET = 10.12;
				MARKETING_VERSION = 0.5.23;
				PRODUCT_BUNDLE_IDENTIFIER = "com.xjbeta.iina-plus";
				PRODUCT_NAME = "$(TARGET_NAME)";
				PROVISIONING_PROFILE_SPECIFIER = "";
				SWIFT_OBJC_BRIDGING_HEADER = "iina+/iina+-Bridging-Header.h";
				SWIFT_OPTIMIZATION_LEVEL = "-O";
				SWIFT_VERSION = 5.0;
			};
			name = Release;
		};
/* End XCBuildConfiguration section */

/* Begin XCConfigurationList section */
		01AEC8A220EDFD01001406E8 /* Build configuration list for PBXProject "IINA+" */ = {
			isa = XCConfigurationList;
			buildConfigurations = (
				01AEC8B520EDFD02001406E8 /* Debug */,
				01AEC8B620EDFD02001406E8 /* Release */,
			);
			defaultConfigurationIsVisible = 0;
			defaultConfigurationName = Release;
		};
		01AEC8B720EDFD02001406E8 /* Build configuration list for PBXNativeTarget "IINA+" */ = {
			isa = XCConfigurationList;
			buildConfigurations = (
				01AEC8B820EDFD02001406E8 /* Debug */,
				01AEC8B920EDFD02001406E8 /* Release */,
			);
			defaultConfigurationIsVisible = 0;
			defaultConfigurationName = Release;
		};
/* End XCConfigurationList section */

/* Begin XCVersionGroup section */
		010F0F1720FE4F0900F33553 /* DataModel.xcdatamodeld */ = {
			isa = XCVersionGroup;
			children = (
				019AFB5F27380DEA00B4E458 /* Bookmark v0.3.xcdatamodel */,
				014FD3A42115CB3000F05399 /* Bookmark v0.2.xcdatamodel */,
				010F0F1820FE4F0900F33553 /* Bookmark.xcdatamodel */,
			);
			currentVersion = 019AFB5F27380DEA00B4E458 /* Bookmark v0.3.xcdatamodel */;
			path = DataModel.xcdatamodeld;
			sourceTree = "<group>";
			versionGroupType = wrapper.xcdatamodel;
		};
/* End XCVersionGroup section */
	};
	rootObject = 01AEC89F20EDFD01001406E8 /* Project object */;
}
