// !$*UTF8*$!
{
	archiveVersion = 1;
	classes = {
	};
	objectVersion = 54;
	objects = {

/* Begin PBXBuildFile section */
		01010125211DBC27002F0F7F /* StringExtension.swift in Sources */ = {isa = PBXBuildFile; fileRef = 01010124211DBC27002F0F7F /* StringExtension.swift */; };
		01010127211DCAE8002F0F7F /* SidebarViewController.swift in Sources */ = {isa = PBXBuildFile; fileRef = 01010126211DCAE8002F0F7F /* SidebarViewController.swift */; };
		0101012B211DCE1C002F0F7F /* SidebarTableCellView.swift in Sources */ = {isa = PBXBuildFile; fileRef = 0101012A211DCE1C002F0F7F /* SidebarTableCellView.swift */; };
		0101012E211DE83B002F0F7F /* SidebarTableView.swift in Sources */ = {isa = PBXBuildFile; fileRef = 0101012D211DE83B002F0F7F /* SidebarTableView.swift */; };
		01010131211E987D002F0F7F /* SuggestionsTableCellView.swift in Sources */ = {isa = PBXBuildFile; fileRef = 0101012F211E987D002F0F7F /* SuggestionsTableCellView.swift */; };
		01010132211E987D002F0F7F /* WaitingTableCellView.swift in Sources */ = {isa = PBXBuildFile; fileRef = 01010130211E987D002F0F7F /* WaitingTableCellView.swift */; };
		01010137211EFA75002F0F7F /* SuggestionsTableView.swift in Sources */ = {isa = PBXBuildFile; fileRef = 01010136211EFA75002F0F7F /* SuggestionsTableView.swift */; };
		0101013921200DC5002F0F7F /* LiveUrlTableCellView.swift in Sources */ = {isa = PBXBuildFile; fileRef = 0101013821200DC5002F0F7F /* LiveUrlTableCellView.swift */; };
		0102924627ACF8AC00CB74B5 /* ControllersVisualEffectView.swift in Sources */ = {isa = PBXBuildFile; fileRef = 0102924527ACF8AB00CB74B5 /* ControllersVisualEffectView.swift */; };
		0106179D2AF34EFF005C7877 /* JSPlayerURL.swift in Sources */ = {isa = PBXBuildFile; fileRef = 0106179C2AF34EFF005C7877 /* JSPlayerURL.swift */; };
		010BEA6C2C4FE2C60061E1DC /* BilibiliDash.swift in Sources */ = {isa = PBXBuildFile; fileRef = 010BEA6B2C4FE2C60061E1DC /* BilibiliDash.swift */; };
		010F0EF220F890DB00F33553 /* MainWindowController.swift in Sources */ = {isa = PBXBuildFile; fileRef = 010F0EF120F890DB00F33553 /* MainWindowController.swift */; };
		010F0F1320FE1DD100F33553 /* Preferences.swift in Sources */ = {isa = PBXBuildFile; fileRef = 010F0F1220FE1DD100F33553 /* Preferences.swift */; };
		010F0F1920FE4F0900F33553 /* DataModel.xcdatamodeld in Sources */ = {isa = PBXBuildFile; fileRef = 010F0F1720FE4F0900F33553 /* DataModel.xcdatamodeld */; };
		011329262C06252300ED0D78 /* AboutViewController.swift in Sources */ = {isa = PBXBuildFile; fileRef = 011329252C06252300ED0D78 /* AboutViewController.swift */; };
		011E4D3321E99CA400997633 /* Log.swift in Sources */ = {isa = PBXBuildFile; fileRef = 011E4D3221E99CA300997633 /* Log.swift */; };
		0120934227A40869002C7FD3 /* JSPlayerWindowController.swift in Sources */ = {isa = PBXBuildFile; fileRef = 0120934127A40869002C7FD3 /* JSPlayerWindowController.swift */; };
		0120934427A4F632002C7FD3 /* JSPlayerWebView.swift in Sources */ = {isa = PBXBuildFile; fileRef = 0120934327A4F632002C7FD3 /* JSPlayerWebView.swift */; };
		0120FDBF2C725E9800526079 /* DouyinCookiesManager.swift in Sources */ = {isa = PBXBuildFile; fileRef = 0120FDBE2C725E9800526079 /* DouyinCookiesManager.swift */; };
		01260171211948BF00C9C639 /* PreferencesTabViewController.swift in Sources */ = {isa = PBXBuildFile; fileRef = 01260170211948BF00C9C639 /* PreferencesTabViewController.swift */; };
		012601742119FBF400C9C639 /* BilibiliCardTableCellView.swift in Sources */ = {isa = PBXBuildFile; fileRef = 012601732119FBF400C9C639 /* BilibiliCardTableCellView.swift */; };
		01260178211ABD3B00C9C639 /* VideoViewsFormatter.swift in Sources */ = {isa = PBXBuildFile; fileRef = 01260177211ABD3B00C9C639 /* VideoViewsFormatter.swift */; };
		012738C12C731EEB0031E643 /* TaskExtension.swift in Sources */ = {isa = PBXBuildFile; fileRef = 012738C02C731EEB0031E643 /* TaskExtension.swift */; };
		0132B2E32123D05E001EB7DC /* BilibiliCardProgressView.swift in Sources */ = {isa = PBXBuildFile; fileRef = 0132B2E22123D05E001EB7DC /* BilibiliCardProgressView.swift */; };
		0132B2E52123D68D001EB7DC /* BilibiliCardImageBoxView.swift in Sources */ = {isa = PBXBuildFile; fileRef = 0132B2E42123D68D001EB7DC /* BilibiliCardImageBoxView.swift */; };
		013598962CEC8EC400B3EFC0 /* Bangumi.swift in Sources */ = {isa = PBXBuildFile; fileRef = 013598952CEC8EC400B3EFC0 /* Bangumi.swift */; };
		013598982CEC95AE00B3EFC0 /* BilbiliShare.swift in Sources */ = {isa = PBXBuildFile; fileRef = 013598972CEC95AE00B3EFC0 /* BilbiliShare.swift */; };
		013850FA214EA2AA003817CE /* huya.js in Resources */ = {isa = PBXBuildFile; fileRef = 013850F9214EA2AA003817CE /* huya.js */; };
		01398985210F27A600B7042F /* PreferencesWindowController.swift in Sources */ = {isa = PBXBuildFile; fileRef = 01398984210F27A600B7042F /* PreferencesWindowController.swift */; };
		01398987210F58E500B7042F /* MainWindowTableRowView.swift in Sources */ = {isa = PBXBuildFile; fileRef = 01398986210F58E500B7042F /* MainWindowTableRowView.swift */; };
		013A05EF2BC8052900AD63DD /* MainWindowTableView.swift in Sources */ = {isa = PBXBuildFile; fileRef = 013A05EE2BC8052900AD63DD /* MainWindowTableView.swift */; };
		013CE8DE2184459E000271FB /* Danmaku.swift in Sources */ = {isa = PBXBuildFile; fileRef = 013CE8DD2184459E000271FB /* Danmaku.swift */; };
		013CE8E021854813000271FB /* VideoDecoder.swift in Sources */ = {isa = PBXBuildFile; fileRef = 013CE8DF21854813000271FB /* VideoDecoder.swift */; };
		014327B722AF5BE100651064 /* OpenFilesWindow.storyboard in Resources */ = {isa = PBXBuildFile; fileRef = 014327B622AF5BE100651064 /* OpenFilesWindow.storyboard */; };
		014327BA22AF5BED00651064 /* OpenFilesViewController.swift in Sources */ = {isa = PBXBuildFile; fileRef = 014327B822AF5BED00651064 /* OpenFilesViewController.swift */; };
		014327BD22AF5C9D00651064 /* OpenFilesWindowController.swift in Sources */ = {isa = PBXBuildFile; fileRef = 014327BC22AF5C9D00651064 /* OpenFilesWindowController.swift */; };
		01479CD3210AF5F40046AAAD /* DataManager.swift in Sources */ = {isa = PBXBuildFile; fileRef = 01479CD2210AF5F40046AAAD /* DataManager.swift */; };
		01479CD5210AFACB0046AAAD /* AddBookmarkViewController.swift in Sources */ = {isa = PBXBuildFile; fileRef = 01479CD4210AFACB0046AAAD /* AddBookmarkViewController.swift */; };
		01479CD7210B35480046AAAD /* MainMenu.swift in Sources */ = {isa = PBXBuildFile; fileRef = 01479CD6210B35480046AAAD /* MainMenu.swift */; };
		014B447D210069FF00E7AA6A /* Bookmark.swift in Sources */ = {isa = PBXBuildFile; fileRef = 014B447B210069FF00E7AA6A /* Bookmark.swift */; };
		014B447E210069FF00E7AA6A /* BookmarkExtension.swift in Sources */ = {isa = PBXBuildFile; fileRef = 014B447C210069FF00E7AA6A /* BookmarkExtension.swift */; };
		0155C3972CF481B9004A2042 /* DanmakuWebSocketHandler.swift in Sources */ = {isa = PBXBuildFile; fileRef = 0155C3952CF481B9004A2042 /* DanmakuWebSocketHandler.swift */; };
		0155C3982CF481B9004A2042 /* DanmakuWS.swift in Sources */ = {isa = PBXBuildFile; fileRef = 0155C38F2CF481B9004A2042 /* DanmakuWS.swift */; };
		0155C39B2CF481B9004A2042 /* HttpServer.swift in Sources */ = {isa = PBXBuildFile; fileRef = 0155C3912CF481B9004A2042 /* HttpServer.swift */; };
		0155C39C2CF481B9004A2042 /* NIOHTTPServer.swift in Sources */ = {isa = PBXBuildFile; fileRef = 0155C3932CF481B9004A2042 /* NIOHTTPServer.swift */; };
		0155C3A12CF493BC004A2042 /* HTTPHandler.swift in Sources */ = {isa = PBXBuildFile; fileRef = 0155C3A02CF493BC004A2042 /* HTTPHandler.swift */; };
		015C19DC218B0D4F003B2F3A /* VideoGetStructs.swift in Sources */ = {isa = PBXBuildFile; fileRef = 015C19DB218B0D4F003B2F3A /* VideoGetStructs.swift */; };
		015C19F7218FC9A8003B2F3A /* Block-List-Plus.xml in Resources */ = {isa = PBXBuildFile; fileRef = 015C19F5218FC9A8003B2F3A /* Block-List-Plus.xml */; };
		015C19F8218FC9A8003B2F3A /* Block-List-Basic.xml in Resources */ = {isa = PBXBuildFile; fileRef = 015C19F6218FC9A8003B2F3A /* Block-List-Basic.xml */; };
		015EDE27273D333900271901 /* LiveStateTransformers.swift in Sources */ = {isa = PBXBuildFile; fileRef = 015EDE26273D333900271901 /* LiveStateTransformers.swift */; };
		016792E1212BBB43003517A7 /* SelectVideoViewController.swift in Sources */ = {isa = PBXBuildFile; fileRef = 016792E0212BBB43003517A7 /* SelectVideoViewController.swift */; };
		016792E6212BDEE5003517A7 /* SelectVideoCollectionViewItem.swift in Sources */ = {isa = PBXBuildFile; fileRef = 016792E4212BDEE5003517A7 /* SelectVideoCollectionViewItem.swift */; };
		016792E7212BDEE5003517A7 /* SelectVideoCollectionViewItem.xib in Resources */ = {isa = PBXBuildFile; fileRef = 016792E5212BDEE5003517A7 /* SelectVideoCollectionViewItem.xib */; };
		016792EE212C421F003517A7 /* SelectVideoCollectionViewItemView.swift in Sources */ = {isa = PBXBuildFile; fileRef = 016792ED212C421F003517A7 /* SelectVideoCollectionViewItemView.swift */; };
		01683DD9211869AE0016A886 /* BilibiliLoginViewController.swift in Sources */ = {isa = PBXBuildFile; fileRef = 01683DD8211869AE0016A886 /* BilibiliLoginViewController.swift */; };
		01683DDB2118905D0016A886 /* Bilibili.swift in Sources */ = {isa = PBXBuildFile; fileRef = 01683DDA2118905D0016A886 /* Bilibili.swift */; };
		01683DDE211924160016A886 /* BilibiliViewController.swift in Sources */ = {isa = PBXBuildFile; fileRef = 01683DDD211924160016A886 /* BilibiliViewController.swift */; };
		0169098021CF472F008CDF0E /* SideBarImageView.swift in Sources */ = {isa = PBXBuildFile; fileRef = 0169097F21CF472F008CDF0E /* SideBarImageView.swift */; };
		016A71ED2A91AA48007B4CA3 /* DanmakuBiliLive.swift in Sources */ = {isa = PBXBuildFile; fileRef = 016A71EC2A91AA48007B4CA3 /* DanmakuBiliLive.swift */; };
		016A71F32A91C50F007B4CA3 /* BiliLiveDMv2.pb.swift in Sources */ = {isa = PBXBuildFile; fileRef = 016A71F22A91C50F007B4CA3 /* BiliLiveDMv2.pb.swift */; };
		016D772427B0CD4300358E2F /* WaitTimer.swift in Sources */ = {isa = PBXBuildFile; fileRef = 016D772327B0CD4300358E2F /* WaitTimer.swift */; };
		017F0C502A63C24400043338 /* iina-plugin-danmaku.iinaplgz in Resources */ = {isa = PBXBuildFile; fileRef = 01C248B62A62418E00C92639 /* iina-plugin-danmaku.iinaplgz */; };
		0182F5DD295F108D00DB8BDD /* DouYinResponse.pb.swift in Sources */ = {isa = PBXBuildFile; fileRef = 0182F5DC295F108D00DB8BDD /* DouYinResponse.pb.swift */; };
		0182F5DF295FDAB600DB8BDD /* DouYinPushFrame.pb.swift in Sources */ = {isa = PBXBuildFile; fileRef = 0182F5DE295FDAB600DB8BDD /* DouYinPushFrame.pb.swift */; };
		0184D7122B2025FF00C7901A /* DateExtension.swift in Sources */ = {isa = PBXBuildFile; fileRef = 0184D7112B2025FF00C7901A /* DateExtension.swift */; };
		018739EE2852135200156F3F /* QQLive.swift in Sources */ = {isa = PBXBuildFile; fileRef = 018739ED2852135200156F3F /* QQLive.swift */; };
		01892C7827C0CDA400494AFD /* DouYin.swift in Sources */ = {isa = PBXBuildFile; fileRef = 01892C7727C0CDA400494AFD /* DouYin.swift */; };
		0189533F279FBC470011BAAC /* ColorPickButton.swift in Sources */ = {isa = PBXBuildFile; fileRef = 0189533E279FBC470011BAAC /* ColorPickButton.swift */; };
		0189534827A0F5A90011BAAC /* LiveStateTextField.swift in Sources */ = {isa = PBXBuildFile; fileRef = 0189534727A0F5A90011BAAC /* LiveStateTextField.swift */; };
		0189534F27A138310011BAAC /* JSPlayerViewController.swift in Sources */ = {isa = PBXBuildFile; fileRef = 0189534E27A138310011BAAC /* JSPlayerViewController.swift */; };
		018F4F6128126FFD0045B67C /* Huya.swift in Sources */ = {isa = PBXBuildFile; fileRef = 018F4F6028126FFD0045B67C /* Huya.swift */; };
		018F4F662812C3EB0045B67C /* Douyu.swift in Sources */ = {isa = PBXBuildFile; fileRef = 018F4F652812C3EB0045B67C /* Douyu.swift */; };
		018F4F6A2812D95C0045B67C /* CC163.swift in Sources */ = {isa = PBXBuildFile; fileRef = 018F4F692812D95C0045B67C /* CC163.swift */; };
		018F4F6C2817FFF30045B67C /* BiliLive.swift in Sources */ = {isa = PBXBuildFile; fileRef = 018F4F6B2817FFF30045B67C /* BiliLive.swift */; };
		01942A3227C345060092FA5A /* DouYinDMResponse.pb.swift in Sources */ = {isa = PBXBuildFile; fileRef = 01942A3127C345060092FA5A /* DouYinDMResponse.pb.swift */; };
		01942A3427C3BED70092FA5A /* DouYinDM.swift in Sources */ = {isa = PBXBuildFile; fileRef = 01942A3327C3BED70092FA5A /* DouYinDM.swift */; };
		01942A3627C49D850092FA5A /* WKWebViewExtension.swift in Sources */ = {isa = PBXBuildFile; fileRef = 01942A3527C49D850092FA5A /* WKWebViewExtension.swift */; };
		0196CB6421214B4200BCD29E /* AdvancedViewController.swift in Sources */ = {isa = PBXBuildFile; fileRef = 0196CB6321214B4200BCD29E /* AdvancedViewController.swift */; };
		0199489E2742852E00C71708 /* SupportSites.swift in Sources */ = {isa = PBXBuildFile; fileRef = 0199489D2742852E00C71708 /* SupportSites.swift */; };
		019948BF2743DF3600C71708 /* ObjMenuItem.swift in Sources */ = {isa = PBXBuildFile; fileRef = 019948BE2743DF3600C71708 /* ObjMenuItem.swift */; };
		019F584F2AF1450800235BAE /* JSPlayerURLSchemeHandler.swift in Sources */ = {isa = PBXBuildFile; fileRef = 019F584E2AF1450800235BAE /* JSPlayerURLSchemeHandler.swift */; };
		01A183DB2B789728006FA874 /* HuyaUrl.swift in Sources */ = {isa = PBXBuildFile; fileRef = 01A183DA2B789728006FA874 /* HuyaUrl.swift */; };
		01AEC8AB20EDFD01001406E8 /* AppDelegate.swift in Sources */ = {isa = PBXBuildFile; fileRef = 01AEC8AA20EDFD01001406E8 /* AppDelegate.swift */; };
		01AEC8AD20EDFD01001406E8 /* MainViewController.swift in Sources */ = {isa = PBXBuildFile; fileRef = 01AEC8AC20EDFD01001406E8 /* MainViewController.swift */; };
		01AEC8AF20EDFD02001406E8 /* Assets.xcassets in Resources */ = {isa = PBXBuildFile; fileRef = 01AEC8AE20EDFD02001406E8 /* Assets.xcassets */; };
		01AEC8B220EDFD02001406E8 /* Main.storyboard in Resources */ = {isa = PBXBuildFile; fileRef = 01AEC8B020EDFD02001406E8 /* Main.storyboard */; };
		01AEC8BC20EDFFBD001406E8 /* YouGetJSON.swift in Sources */ = {isa = PBXBuildFile; fileRef = 01AEC8BB20EDFFBD001406E8 /* YouGetJSON.swift */; };
		01AEC8BE20EE108B001406E8 /* Processes.swift in Sources */ = {isa = PBXBuildFile; fileRef = 01AEC8BD20EE108B001406E8 /* Processes.swift */; };
		01AEC8C220EFBCCF001406E8 /* MPVOption.swift in Sources */ = {isa = PBXBuildFile; fileRef = 01AEC8C120EFBCCF001406E8 /* MPVOption.swift */; };
		01AEC8C920F1081C001406E8 /* Identifiers.swift in Sources */ = {isa = PBXBuildFile; fileRef = 01AEC8C820F1081C001406E8 /* Identifiers.swift */; };
		01B331C72A640D9000AB380C /* PluginViewController.swift in Sources */ = {isa = PBXBuildFile; fileRef = 01B331C62A640D9000AB380C /* PluginViewController.swift */; };
		01B53B5F27B64FD20051F7B4 /* style.min.css in Copy Web Files */ = {isa = PBXBuildFile; fileRef = 01B53B5C27B64F420051F7B4 /* style.min.css */; };
		01B53B6027B64FD20051F7B4 /* CommentCoreLibrary.min.js in Copy Web Files */ = {isa = PBXBuildFile; fileRef = 01B53B5A27B64F370051F7B4 /* CommentCoreLibrary.min.js */; };
		01B53B6127B64FD20051F7B4 /* default.css in Copy Web Files */ = {isa = PBXBuildFile; fileRef = 01B53B5327B64E1A0051F7B4 /* default.css */; };
		01B53B6227B64FD20051F7B4 /* index.htm in Copy Web Files */ = {isa = PBXBuildFile; fileRef = 01B53B5427B64E1A0051F7B4 /* index.htm */; };
		01B53B6327B64FD20051F7B4 /* main.js in Copy Web Files */ = {isa = PBXBuildFile; fileRef = 01B53B5227B64E190051F7B4 /* main.js */; };
		01B53B6427B64FD20051F7B4 /* flvplayer.css in Copy Web Files */ = {isa = PBXBuildFile; fileRef = 0120932827A3B441002C7FD3 /* flvplayer.css */; };
		01B53B6527B64FD20051F7B4 /* flvplayer.htm in Copy Web Files */ = {isa = PBXBuildFile; fileRef = 0120932A27A3B441002C7FD3 /* flvplayer.htm */; };
		01B53B6627B64FD20051F7B4 /* flvplayer.js in Copy Web Files */ = {isa = PBXBuildFile; fileRef = 0120932927A3B441002C7FD3 /* flvplayer.js */; };
		01B82B3728EEF74800928F61 /* SelectVideoCollectionViewHeader.xib in Resources */ = {isa = PBXBuildFile; fileRef = 01B82B3628EEF74800928F61 /* SelectVideoCollectionViewHeader.xib */; };
		01B82B3928EEF9D300928F61 /* SelectVideoCollectionViewHeader.swift in Sources */ = {isa = PBXBuildFile; fileRef = 01B82B3828EEF9D300928F61 /* SelectVideoCollectionViewHeader.swift */; };
		01B881372C4128EA00E44B97 /* BilibiliDynamicManger.swift in Sources */ = {isa = PBXBuildFile; fileRef = 01B881362C4128E900E44B97 /* BilibiliDynamicManger.swift */; };
		01BC354B29AF2BC000B45577 /* douyin.html in Resources */ = {isa = PBXBuildFile; fileRef = 01BC354A29AF2BC000B45577 /* douyin.html */; };
		01BC354C29AF2BD700B45577 /* douyin.html in Copy DouYin */ = {isa = PBXBuildFile; fileRef = 01BC354A29AF2BC000B45577 /* douyin.html */; };
		01C0807027BB5CF300E87A8C /* JSPlayer.storyboard in Resources */ = {isa = PBXBuildFile; fileRef = 01C0807227BB5CF300E87A8C /* JSPlayer.storyboard */; };
		01C0807527BB5CFD00E87A8C /* Preferences.storyboard in Resources */ = {isa = PBXBuildFile; fileRef = 01C0807727BB5CFD00E87A8C /* Preferences.storyboard */; };
		01C0807C27BC00EA00E87A8C /* Alamofire in Frameworks */ = {isa = PBXBuildFile; productRef = 01C0807B27BC00EA00E87A8C /* Alamofire */; };
		01C0808527BC03E300E87A8C /* SwiftSoup in Frameworks */ = {isa = PBXBuildFile; productRef = 01C0808427BC03E300E87A8C /* SwiftSoup */; };
		01C0808827BC049500E87A8C /* CryptoSwift in Frameworks */ = {isa = PBXBuildFile; productRef = 01C0808727BC049500E87A8C /* CryptoSwift */; };
		01C0808B27BC04C500E87A8C /* Marshal in Frameworks */ = {isa = PBXBuildFile; productRef = 01C0808A27BC04C500E87A8C /* Marshal */; };
		01C0809127BC05A500E87A8C /* Gzip in Frameworks */ = {isa = PBXBuildFile; productRef = 01C0809027BC05A500E87A8C /* Gzip */; };
		01C0809427BC06EC00E87A8C /* SwiftProtobuf in Frameworks */ = {isa = PBXBuildFile; productRef = 01C0809327BC06EC00E87A8C /* SwiftProtobuf */; };
		01C0809727BC074000E87A8C /* SDWebImage in Frameworks */ = {isa = PBXBuildFile; productRef = 01C0809627BC074000E87A8C /* SDWebImage */; };
		01C0809A27BC079200E87A8C /* Sparkle in Frameworks */ = {isa = PBXBuildFile; productRef = 01C0809927BC079200E87A8C /* Sparkle */; };
		01C0809D27BC0BC400E87A8C /* SocketRocket in Frameworks */ = {isa = PBXBuildFile; productRef = 01C0809C27BC0BC400E87A8C /* SocketRocket */; };
		01C248B52A623EC000C92639 /* IINAApp.swift in Sources */ = {isa = PBXBuildFile; fileRef = 01C248B42A623EC000C92639 /* IINAApp.swift */; };
		01C248CA2CE480670074A76F /* TokenBucket.swift in Sources */ = {isa = PBXBuildFile; fileRef = 01C248C92CE480670074A76F /* TokenBucket.swift */; };
		01C248CD2CE480F30074A76F /* DequeModule in Frameworks */ = {isa = PBXBuildFile; productRef = 01C248CC2CE480F30074A76F /* DequeModule */; };
		01C338B528E47B3F004CC0B8 /* MBGA.swift in Sources */ = {isa = PBXBuildFile; fileRef = 01C338B428E47B3F004CC0B8 /* MBGA.swift */; };
		01C373592429F2C2006778D1 /* README.md in Resources */ = {isa = PBXBuildFile; fileRef = 01C373582429F2C2006778D1 /* README.md */; };
		01D482BB2CAF978C00F636EE /* CharacterSetExtension.swift in Sources */ = {isa = PBXBuildFile; fileRef = 01D482BA2CAF978C00F636EE /* CharacterSetExtension.swift */; };
		01D8282A2AC3E1D6003A73BA /* mpegts.js in Copy Web Files */ = {isa = PBXBuildFile; fileRef = 01D828282AC3E1A6003A73BA /* mpegts.js */; };
		01D8762927D459C5001140DD /* crypto-js.js in Resources */ = {isa = PBXBuildFile; fileRef = 01D8762827D459C5001140DD /* crypto-js.js */; };
		01DCD2F9259710D800D286C8 /* BilibiliDMMessage.swift in Sources */ = {isa = PBXBuildFile; fileRef = 01DCD2F8259710D800D286C8 /* BilibiliDMMessage.swift */; };
		01E40FEB22C304E800864118 /* ImageLoader.swift in Sources */ = {isa = PBXBuildFile; fileRef = 01E40FEA22C304E800864118 /* ImageLoader.swift */; };
		01E40FF622C39E7100864118 /* Localizable.strings in Resources */ = {isa = PBXBuildFile; fileRef = 01E40FF822C39E7100864118 /* Localizable.strings */; };
		01E668D02CEA322F008C51E7 /* NIOCore in Frameworks */ = {isa = PBXBuildFile; productRef = 01E668CF2CEA322F008C51E7 /* NIOCore */; };
		01E668D22CEA322F008C51E7 /* NIOFoundationCompat in Frameworks */ = {isa = PBXBuildFile; productRef = 01E668D12CEA322F008C51E7 /* NIOFoundationCompat */; };
		01E668D42CEA322F008C51E7 /* NIOHTTP1 in Frameworks */ = {isa = PBXBuildFile; productRef = 01E668D32CEA322F008C51E7 /* NIOHTTP1 */; };
		01E668D62CEA322F008C51E7 /* NIOWebSocket in Frameworks */ = {isa = PBXBuildFile; productRef = 01E668D52CEA322F008C51E7 /* NIOWebSocket */; };
		01E6A09C211AD62800C6EF98 /* VideoDurationFormatter.swift in Sources */ = {isa = PBXBuildFile; fileRef = 01E6A09B211AD62800C6EF98 /* VideoDurationFormatter.swift */; };
		01EDCCA72A791EB5001DC138 /* test.htm in Resources */ = {isa = PBXBuildFile; fileRef = 01EDCCA62A791EB5001DC138 /* test.htm */; };
		01EDCCA82A791EE0001DC138 /* test.htm in Copy Web Files */ = {isa = PBXBuildFile; fileRef = 01EDCCA62A791EB5001DC138 /* test.htm */; };
		01F46CA12102EF4600FE9DAD /* GereralViewController.swift in Sources */ = {isa = PBXBuildFile; fileRef = 01F46CA02102EF4600FE9DAD /* GereralViewController.swift */; };
		01F5151A2109F002007C7153 /* LiveStatusTableCellView.swift in Sources */ = {isa = PBXBuildFile; fileRef = 01F515192109F002007C7153 /* LiveStatusTableCellView.swift */; };
/* End PBXBuildFile section */

/* Begin PBXCopyFilesBuildPhase section */
		013CE8EF2185D09F000271FB /* Copy Web Files */ = {
			isa = PBXCopyFilesBuildPhase;
			buildActionMask = 12;
			dstPath = WebFiles;
			dstSubfolderSpec = 7;
			files = (
				01D8282A2AC3E1D6003A73BA /* mpegts.js in Copy Web Files */,
				01EDCCA82A791EE0001DC138 /* test.htm in Copy Web Files */,
				01B53B5F27B64FD20051F7B4 /* style.min.css in Copy Web Files */,
				01B53B6027B64FD20051F7B4 /* CommentCoreLibrary.min.js in Copy Web Files */,
				01B53B6127B64FD20051F7B4 /* default.css in Copy Web Files */,
				01B53B6227B64FD20051F7B4 /* index.htm in Copy Web Files */,
				01B53B6327B64FD20051F7B4 /* main.js in Copy Web Files */,
				01B53B6427B64FD20051F7B4 /* flvplayer.css in Copy Web Files */,
				01B53B6527B64FD20051F7B4 /* flvplayer.htm in Copy Web Files */,
				01B53B6627B64FD20051F7B4 /* flvplayer.js in Copy Web Files */,
			);
			name = "Copy Web Files";
			runOnlyForDeploymentPostprocessing = 0;
		};
		014F541926D9184100B9E82A /* Embed Frameworks */ = {
			isa = PBXCopyFilesBuildPhase;
			buildActionMask = 2147483647;
			dstPath = "";
			dstSubfolderSpec = 10;
			files = (
			);
			name = "Embed Frameworks";
			runOnlyForDeploymentPostprocessing = 0;
		};
		0152EF4329ACED2700F89E2A /* Copy DouYin */ = {
			isa = PBXCopyFilesBuildPhase;
			buildActionMask = 2147483647;
			dstPath = DouYin;
			dstSubfolderSpec = 7;
			files = (
				01BC354C29AF2BD700B45577 /* douyin.html in Copy DouYin */,
			);
			name = "Copy DouYin";
			runOnlyForDeploymentPostprocessing = 0;
		};
/* End PBXCopyFilesBuildPhase section */

/* Begin PBXFileReference section */
		01010124211DBC27002F0F7F /* StringExtension.swift */ = {isa = PBXFileReference; lastKnownFileType = sourcecode.swift; path = StringExtension.swift; sourceTree = "<group>"; };
		01010126211DCAE8002F0F7F /* SidebarViewController.swift */ = {isa = PBXFileReference; lastKnownFileType = sourcecode.swift; path = SidebarViewController.swift; sourceTree = "<group>"; };
		0101012A211DCE1C002F0F7F /* SidebarTableCellView.swift */ = {isa = PBXFileReference; lastKnownFileType = sourcecode.swift; path = SidebarTableCellView.swift; sourceTree = "<group>"; };
		0101012D211DE83B002F0F7F /* SidebarTableView.swift */ = {isa = PBXFileReference; lastKnownFileType = sourcecode.swift; path = SidebarTableView.swift; sourceTree = "<group>"; };
		0101012F211E987D002F0F7F /* SuggestionsTableCellView.swift */ = {isa = PBXFileReference; fileEncoding = 4; lastKnownFileType = sourcecode.swift; path = SuggestionsTableCellView.swift; sourceTree = "<group>"; };
		01010130211E987D002F0F7F /* WaitingTableCellView.swift */ = {isa = PBXFileReference; fileEncoding = 4; lastKnownFileType = sourcecode.swift; path = WaitingTableCellView.swift; sourceTree = "<group>"; };
		01010136211EFA75002F0F7F /* SuggestionsTableView.swift */ = {isa = PBXFileReference; lastKnownFileType = sourcecode.swift; path = SuggestionsTableView.swift; sourceTree = "<group>"; };
		0101013821200DC5002F0F7F /* LiveUrlTableCellView.swift */ = {isa = PBXFileReference; lastKnownFileType = sourcecode.swift; path = LiveUrlTableCellView.swift; sourceTree = "<group>"; };
		0102924527ACF8AB00CB74B5 /* ControllersVisualEffectView.swift */ = {isa = PBXFileReference; lastKnownFileType = sourcecode.swift; path = ControllersVisualEffectView.swift; sourceTree = "<group>"; };
		0106179C2AF34EFF005C7877 /* JSPlayerURL.swift */ = {isa = PBXFileReference; lastKnownFileType = sourcecode.swift; path = JSPlayerURL.swift; sourceTree = "<group>"; };
		010BEA6B2C4FE2C60061E1DC /* BilibiliDash.swift */ = {isa = PBXFileReference; lastKnownFileType = sourcecode.swift; path = BilibiliDash.swift; sourceTree = "<group>"; };
		010F0EF120F890DB00F33553 /* MainWindowController.swift */ = {isa = PBXFileReference; lastKnownFileType = sourcecode.swift; path = MainWindowController.swift; sourceTree = "<group>"; };
		010F0F1220FE1DD100F33553 /* Preferences.swift */ = {isa = PBXFileReference; lastKnownFileType = sourcecode.swift; path = Preferences.swift; sourceTree = "<group>"; };
		010F0F1820FE4F0900F33553 /* Bookmark.xcdatamodel */ = {isa = PBXFileReference; lastKnownFileType = wrapper.xcdatamodel; path = Bookmark.xcdatamodel; sourceTree = "<group>"; };
		011329252C06252300ED0D78 /* AboutViewController.swift */ = {isa = PBXFileReference; lastKnownFileType = sourcecode.swift; path = AboutViewController.swift; sourceTree = "<group>"; };
		011E4D3221E99CA300997633 /* Log.swift */ = {isa = PBXFileReference; fileEncoding = 4; lastKnownFileType = sourcecode.swift; path = Log.swift; sourceTree = "<group>"; };
		0120932827A3B441002C7FD3 /* flvplayer.css */ = {isa = PBXFileReference; fileEncoding = 4; lastKnownFileType = text.css; path = flvplayer.css; sourceTree = "<group>"; };
		0120932927A3B441002C7FD3 /* flvplayer.js */ = {isa = PBXFileReference; fileEncoding = 4; lastKnownFileType = sourcecode.javascript; path = flvplayer.js; sourceTree = "<group>"; };
		0120932A27A3B441002C7FD3 /* flvplayer.htm */ = {isa = PBXFileReference; fileEncoding = 4; lastKnownFileType = text.html; path = flvplayer.htm; sourceTree = "<group>"; };
		0120934127A40869002C7FD3 /* JSPlayerWindowController.swift */ = {isa = PBXFileReference; lastKnownFileType = sourcecode.swift; path = JSPlayerWindowController.swift; sourceTree = "<group>"; };
		0120934327A4F632002C7FD3 /* JSPlayerWebView.swift */ = {isa = PBXFileReference; lastKnownFileType = sourcecode.swift; path = JSPlayerWebView.swift; sourceTree = "<group>"; };
		0120FDBE2C725E9800526079 /* DouyinCookiesManager.swift */ = {isa = PBXFileReference; lastKnownFileType = sourcecode.swift; path = DouyinCookiesManager.swift; sourceTree = "<group>"; };
		01260170211948BF00C9C639 /* PreferencesTabViewController.swift */ = {isa = PBXFileReference; lastKnownFileType = sourcecode.swift; path = PreferencesTabViewController.swift; sourceTree = "<group>"; };
		012601732119FBF400C9C639 /* BilibiliCardTableCellView.swift */ = {isa = PBXFileReference; lastKnownFileType = sourcecode.swift; path = BilibiliCardTableCellView.swift; sourceTree = "<group>"; };
		01260177211ABD3B00C9C639 /* VideoViewsFormatter.swift */ = {isa = PBXFileReference; lastKnownFileType = sourcecode.swift; path = VideoViewsFormatter.swift; sourceTree = "<group>"; };
		012738C02C731EEB0031E643 /* TaskExtension.swift */ = {isa = PBXFileReference; lastKnownFileType = sourcecode.swift; path = TaskExtension.swift; sourceTree = "<group>"; };
		0132B2E22123D05E001EB7DC /* BilibiliCardProgressView.swift */ = {isa = PBXFileReference; lastKnownFileType = sourcecode.swift; path = BilibiliCardProgressView.swift; sourceTree = "<group>"; };
		0132B2E42123D68D001EB7DC /* BilibiliCardImageBoxView.swift */ = {isa = PBXFileReference; lastKnownFileType = sourcecode.swift; path = BilibiliCardImageBoxView.swift; sourceTree = "<group>"; };
		013598952CEC8EC400B3EFC0 /* Bangumi.swift */ = {isa = PBXFileReference; lastKnownFileType = sourcecode.swift; path = Bangumi.swift; sourceTree = "<group>"; };
		013598972CEC95AE00B3EFC0 /* BilbiliShare.swift */ = {isa = PBXFileReference; lastKnownFileType = sourcecode.swift; path = BilbiliShare.swift; sourceTree = "<group>"; };
		013850F9214EA2AA003817CE /* huya.js */ = {isa = PBXFileReference; fileEncoding = 4; lastKnownFileType = sourcecode.javascript; path = huya.js; sourceTree = "<group>"; };
		01398984210F27A600B7042F /* PreferencesWindowController.swift */ = {isa = PBXFileReference; lastKnownFileType = sourcecode.swift; path = PreferencesWindowController.swift; sourceTree = "<group>"; };
		01398986210F58E500B7042F /* MainWindowTableRowView.swift */ = {isa = PBXFileReference; lastKnownFileType = sourcecode.swift; path = MainWindowTableRowView.swift; sourceTree = "<group>"; };
		013A05EE2BC8052900AD63DD /* MainWindowTableView.swift */ = {isa = PBXFileReference; lastKnownFileType = sourcecode.swift; path = MainWindowTableView.swift; sourceTree = "<group>"; };
		013CE8DD2184459E000271FB /* Danmaku.swift */ = {isa = PBXFileReference; lastKnownFileType = sourcecode.swift; path = Danmaku.swift; sourceTree = "<group>"; };
		013CE8DF21854813000271FB /* VideoDecoder.swift */ = {isa = PBXFileReference; lastKnownFileType = sourcecode.swift; path = VideoDecoder.swift; sourceTree = "<group>"; };
		014327B622AF5BE100651064 /* OpenFilesWindow.storyboard */ = {isa = PBXFileReference; lastKnownFileType = file.storyboard; path = OpenFilesWindow.storyboard; sourceTree = "<group>"; };
		014327B822AF5BED00651064 /* OpenFilesViewController.swift */ = {isa = PBXFileReference; lastKnownFileType = sourcecode.swift; path = OpenFilesViewController.swift; sourceTree = "<group>"; };
		014327BC22AF5C9D00651064 /* OpenFilesWindowController.swift */ = {isa = PBXFileReference; lastKnownFileType = sourcecode.swift; path = OpenFilesWindowController.swift; sourceTree = "<group>"; };
		01479CD2210AF5F40046AAAD /* DataManager.swift */ = {isa = PBXFileReference; lastKnownFileType = sourcecode.swift; path = DataManager.swift; sourceTree = "<group>"; };
		01479CD4210AFACB0046AAAD /* AddBookmarkViewController.swift */ = {isa = PBXFileReference; lastKnownFileType = sourcecode.swift; path = AddBookmarkViewController.swift; sourceTree = "<group>"; };
		01479CD6210B35480046AAAD /* MainMenu.swift */ = {isa = PBXFileReference; lastKnownFileType = sourcecode.swift; path = MainMenu.swift; sourceTree = "<group>"; };
		014B447B210069FF00E7AA6A /* Bookmark.swift */ = {isa = PBXFileReference; lastKnownFileType = sourcecode.swift; path = Bookmark.swift; sourceTree = "<group>"; };
		014B447C210069FF00E7AA6A /* BookmarkExtension.swift */ = {isa = PBXFileReference; lastKnownFileType = sourcecode.swift; path = BookmarkExtension.swift; sourceTree = "<group>"; };
		014FD3A42115CB3000F05399 /* Bookmark v0.2.xcdatamodel */ = {isa = PBXFileReference; lastKnownFileType = wrapper.xcdatamodel; path = "Bookmark v0.2.xcdatamodel"; sourceTree = "<group>"; };
		0155C38F2CF481B9004A2042 /* DanmakuWS.swift */ = {isa = PBXFileReference; lastKnownFileType = sourcecode.swift; path = DanmakuWS.swift; sourceTree = "<group>"; };
		0155C3912CF481B9004A2042 /* HttpServer.swift */ = {isa = PBXFileReference; lastKnownFileType = sourcecode.swift; path = HttpServer.swift; sourceTree = "<group>"; };
		0155C3932CF481B9004A2042 /* NIOHTTPServer.swift */ = {isa = PBXFileReference; lastKnownFileType = sourcecode.swift; path = NIOHTTPServer.swift; sourceTree = "<group>"; };
		0155C3952CF481B9004A2042 /* DanmakuWebSocketHandler.swift */ = {isa = PBXFileReference; lastKnownFileType = sourcecode.swift; path = DanmakuWebSocketHandler.swift; sourceTree = "<group>"; };
		0155C3A02CF493BC004A2042 /* HTTPHandler.swift */ = {isa = PBXFileReference; lastKnownFileType = sourcecode.swift; path = HTTPHandler.swift; sourceTree = "<group>"; };
		015C19DB218B0D4F003B2F3A /* VideoGetStructs.swift */ = {isa = PBXFileReference; lastKnownFileType = sourcecode.swift; path = VideoGetStructs.swift; sourceTree = "<group>"; };
		015C19F5218FC9A8003B2F3A /* Block-List-Plus.xml */ = {isa = PBXFileReference; fileEncoding = 4; lastKnownFileType = text.xml; path = "Block-List-Plus.xml"; sourceTree = "<group>"; };
		015C19F6218FC9A8003B2F3A /* Block-List-Basic.xml */ = {isa = PBXFileReference; fileEncoding = 4; lastKnownFileType = text.xml; path = "Block-List-Basic.xml"; sourceTree = "<group>"; };
		015EDE26273D333900271901 /* LiveStateTransformers.swift */ = {isa = PBXFileReference; lastKnownFileType = sourcecode.swift; path = LiveStateTransformers.swift; sourceTree = "<group>"; };
		016792E0212BBB43003517A7 /* SelectVideoViewController.swift */ = {isa = PBXFileReference; lastKnownFileType = sourcecode.swift; path = SelectVideoViewController.swift; sourceTree = "<group>"; };
		016792E4212BDEE5003517A7 /* SelectVideoCollectionViewItem.swift */ = {isa = PBXFileReference; lastKnownFileType = sourcecode.swift; path = SelectVideoCollectionViewItem.swift; sourceTree = "<group>"; };
		016792E5212BDEE5003517A7 /* SelectVideoCollectionViewItem.xib */ = {isa = PBXFileReference; lastKnownFileType = file.xib; path = SelectVideoCollectionViewItem.xib; sourceTree = "<group>"; };
		016792ED212C421F003517A7 /* SelectVideoCollectionViewItemView.swift */ = {isa = PBXFileReference; lastKnownFileType = sourcecode.swift; path = SelectVideoCollectionViewItemView.swift; sourceTree = "<group>"; };
		01683DD8211869AE0016A886 /* BilibiliLoginViewController.swift */ = {isa = PBXFileReference; lastKnownFileType = sourcecode.swift; path = BilibiliLoginViewController.swift; sourceTree = "<group>"; };
		01683DDA2118905D0016A886 /* Bilibili.swift */ = {isa = PBXFileReference; lastKnownFileType = sourcecode.swift; path = Bilibili.swift; sourceTree = "<group>"; };
		01683DDD211924160016A886 /* BilibiliViewController.swift */ = {isa = PBXFileReference; lastKnownFileType = sourcecode.swift; path = BilibiliViewController.swift; sourceTree = "<group>"; };
		0169097F21CF472F008CDF0E /* SideBarImageView.swift */ = {isa = PBXFileReference; fileEncoding = 4; lastKnownFileType = sourcecode.swift; path = SideBarImageView.swift; sourceTree = "<group>"; };
		016A71EC2A91AA48007B4CA3 /* DanmakuBiliLive.swift */ = {isa = PBXFileReference; lastKnownFileType = sourcecode.swift; path = DanmakuBiliLive.swift; sourceTree = "<group>"; };
		016A71F22A91C50F007B4CA3 /* BiliLiveDMv2.pb.swift */ = {isa = PBXFileReference; fileEncoding = 4; lastKnownFileType = sourcecode.swift; path = BiliLiveDMv2.pb.swift; sourceTree = "<group>"; };
		016D772327B0CD4300358E2F /* WaitTimer.swift */ = {isa = PBXFileReference; fileEncoding = 4; lastKnownFileType = sourcecode.swift; path = WaitTimer.swift; sourceTree = "<group>"; };
		016E07C326BB8FDF000AB100 /* zh-Hans */ = {isa = PBXFileReference; lastKnownFileType = text.plist.strings; name = "zh-Hans"; path = "zh-Hans.lproj/Main.strings"; sourceTree = "<group>"; };
		0182F5DC295F108D00DB8BDD /* DouYinResponse.pb.swift */ = {isa = PBXFileReference; fileEncoding = 4; lastKnownFileType = sourcecode.swift; path = DouYinResponse.pb.swift; sourceTree = "<group>"; };
		0182F5DE295FDAB600DB8BDD /* DouYinPushFrame.pb.swift */ = {isa = PBXFileReference; fileEncoding = 4; lastKnownFileType = sourcecode.swift; path = DouYinPushFrame.pb.swift; sourceTree = "<group>"; };
		0184D7112B2025FF00C7901A /* DateExtension.swift */ = {isa = PBXFileReference; lastKnownFileType = sourcecode.swift; path = DateExtension.swift; sourceTree = "<group>"; };
		018739ED2852135200156F3F /* QQLive.swift */ = {isa = PBXFileReference; lastKnownFileType = sourcecode.swift; path = QQLive.swift; sourceTree = "<group>"; };
		01892C7727C0CDA400494AFD /* DouYin.swift */ = {isa = PBXFileReference; lastKnownFileType = sourcecode.swift; path = DouYin.swift; sourceTree = "<group>"; };
		0189533E279FBC470011BAAC /* ColorPickButton.swift */ = {isa = PBXFileReference; lastKnownFileType = sourcecode.swift; path = ColorPickButton.swift; sourceTree = "<group>"; };
		0189534727A0F5A90011BAAC /* LiveStateTextField.swift */ = {isa = PBXFileReference; lastKnownFileType = sourcecode.swift; path = LiveStateTextField.swift; sourceTree = "<group>"; };
		0189534E27A138310011BAAC /* JSPlayerViewController.swift */ = {isa = PBXFileReference; lastKnownFileType = sourcecode.swift; path = JSPlayerViewController.swift; sourceTree = "<group>"; };
		018F4F6028126FFD0045B67C /* Huya.swift */ = {isa = PBXFileReference; lastKnownFileType = sourcecode.swift; path = Huya.swift; sourceTree = "<group>"; };
		018F4F652812C3EB0045B67C /* Douyu.swift */ = {isa = PBXFileReference; lastKnownFileType = sourcecode.swift; path = Douyu.swift; sourceTree = "<group>"; };
		018F4F692812D95C0045B67C /* CC163.swift */ = {isa = PBXFileReference; lastKnownFileType = sourcecode.swift; path = CC163.swift; sourceTree = "<group>"; };
		018F4F6B2817FFF30045B67C /* BiliLive.swift */ = {isa = PBXFileReference; lastKnownFileType = sourcecode.swift; path = BiliLive.swift; sourceTree = "<group>"; };
		01942A3127C345060092FA5A /* DouYinDMResponse.pb.swift */ = {isa = PBXFileReference; fileEncoding = 4; lastKnownFileType = sourcecode.swift; path = DouYinDMResponse.pb.swift; sourceTree = "<group>"; };
		01942A3327C3BED70092FA5A /* DouYinDM.swift */ = {isa = PBXFileReference; lastKnownFileType = sourcecode.swift; path = DouYinDM.swift; sourceTree = "<group>"; };
		01942A3527C49D850092FA5A /* WKWebViewExtension.swift */ = {isa = PBXFileReference; lastKnownFileType = sourcecode.swift; path = WKWebViewExtension.swift; sourceTree = "<group>"; };
		0196CB6321214B4200BCD29E /* AdvancedViewController.swift */ = {isa = PBXFileReference; lastKnownFileType = sourcecode.swift; path = AdvancedViewController.swift; sourceTree = "<group>"; };
		0199489D2742852E00C71708 /* SupportSites.swift */ = {isa = PBXFileReference; lastKnownFileType = sourcecode.swift; path = SupportSites.swift; sourceTree = "<group>"; };
		019948BE2743DF3600C71708 /* ObjMenuItem.swift */ = {isa = PBXFileReference; lastKnownFileType = sourcecode.swift; path = ObjMenuItem.swift; sourceTree = "<group>"; };
		019AFB5F27380DEA00B4E458 /* Bookmark v0.3.xcdatamodel */ = {isa = PBXFileReference; lastKnownFileType = wrapper.xcdatamodel; path = "Bookmark v0.3.xcdatamodel"; sourceTree = "<group>"; };
		019F584E2AF1450800235BAE /* JSPlayerURLSchemeHandler.swift */ = {isa = PBXFileReference; lastKnownFileType = sourcecode.swift; path = JSPlayerURLSchemeHandler.swift; sourceTree = "<group>"; };
		01A183DA2B789728006FA874 /* HuyaUrl.swift */ = {isa = PBXFileReference; lastKnownFileType = sourcecode.swift; path = HuyaUrl.swift; sourceTree = "<group>"; };
		01AEC8A720EDFD01001406E8 /* IINA+.app */ = {isa = PBXFileReference; explicitFileType = wrapper.application; includeInIndex = 0; path = "IINA+.app"; sourceTree = BUILT_PRODUCTS_DIR; };
		01AEC8AA20EDFD01001406E8 /* AppDelegate.swift */ = {isa = PBXFileReference; lastKnownFileType = sourcecode.swift; path = AppDelegate.swift; sourceTree = "<group>"; };
		01AEC8AC20EDFD01001406E8 /* MainViewController.swift */ = {isa = PBXFileReference; lastKnownFileType = sourcecode.swift; path = MainViewController.swift; sourceTree = "<group>"; };
		01AEC8AE20EDFD02001406E8 /* Assets.xcassets */ = {isa = PBXFileReference; lastKnownFileType = folder.assetcatalog; path = Assets.xcassets; sourceTree = "<group>"; };
		01AEC8B120EDFD02001406E8 /* Base */ = {isa = PBXFileReference; lastKnownFileType = file.storyboard; name = Base; path = Base.lproj/Main.storyboard; sourceTree = "<group>"; };
		01AEC8B320EDFD02001406E8 /* Info.plist */ = {isa = PBXFileReference; lastKnownFileType = text.plist.xml; path = Info.plist; sourceTree = "<group>"; };
		01AEC8BB20EDFFBD001406E8 /* YouGetJSON.swift */ = {isa = PBXFileReference; lastKnownFileType = sourcecode.swift; path = YouGetJSON.swift; sourceTree = "<group>"; };
		01AEC8BD20EE108B001406E8 /* Processes.swift */ = {isa = PBXFileReference; lastKnownFileType = sourcecode.swift; path = Processes.swift; sourceTree = "<group>"; };
		01AEC8C120EFBCCF001406E8 /* MPVOption.swift */ = {isa = PBXFileReference; fileEncoding = 4; lastKnownFileType = sourcecode.swift; path = MPVOption.swift; sourceTree = "<group>"; };
		01AEC8C820F1081C001406E8 /* Identifiers.swift */ = {isa = PBXFileReference; lastKnownFileType = sourcecode.swift; path = Identifiers.swift; sourceTree = "<group>"; };
		01B331C62A640D9000AB380C /* PluginViewController.swift */ = {isa = PBXFileReference; lastKnownFileType = sourcecode.swift; path = PluginViewController.swift; sourceTree = "<group>"; };
		01B53B5227B64E190051F7B4 /* main.js */ = {isa = PBXFileReference; fileEncoding = 4; lastKnownFileType = sourcecode.javascript; path = main.js; sourceTree = "<group>"; };
		01B53B5327B64E1A0051F7B4 /* default.css */ = {isa = PBXFileReference; fileEncoding = 4; lastKnownFileType = text.css; path = default.css; sourceTree = "<group>"; };
		01B53B5427B64E1A0051F7B4 /* index.htm */ = {isa = PBXFileReference; fileEncoding = 4; lastKnownFileType = text.html; path = index.htm; sourceTree = "<group>"; };
		01B53B5A27B64F370051F7B4 /* CommentCoreLibrary.min.js */ = {isa = PBXFileReference; fileEncoding = 4; lastKnownFileType = sourcecode.javascript; name = CommentCoreLibrary.min.js; path = "IINA+/WebFiles/node_modules/comment-core-library/dist/CommentCoreLibrary.min.js"; sourceTree = SOURCE_ROOT; };
		01B53B5C27B64F420051F7B4 /* style.min.css */ = {isa = PBXFileReference; fileEncoding = 4; lastKnownFileType = text.css; name = style.min.css; path = "IINA+/WebFiles/node_modules/comment-core-library/dist/css/style.min.css"; sourceTree = SOURCE_ROOT; };
		01B82B3628EEF74800928F61 /* SelectVideoCollectionViewHeader.xib */ = {isa = PBXFileReference; lastKnownFileType = file.xib; path = SelectVideoCollectionViewHeader.xib; sourceTree = "<group>"; };
		01B82B3828EEF9D300928F61 /* SelectVideoCollectionViewHeader.swift */ = {isa = PBXFileReference; lastKnownFileType = sourcecode.swift; path = SelectVideoCollectionViewHeader.swift; sourceTree = "<group>"; };
		01B881362C4128E900E44B97 /* BilibiliDynamicManger.swift */ = {isa = PBXFileReference; lastKnownFileType = sourcecode.swift; path = BilibiliDynamicManger.swift; sourceTree = "<group>"; };
		01BC354A29AF2BC000B45577 /* douyin.html */ = {isa = PBXFileReference; fileEncoding = 4; lastKnownFileType = text.html; path = douyin.html; sourceTree = "<group>"; };
		01C0807127BB5CF300E87A8C /* Base */ = {isa = PBXFileReference; lastKnownFileType = file.storyboard; name = Base; path = Base.lproj/JSPlayer.storyboard; sourceTree = "<group>"; };
		01C0807427BB5CF500E87A8C /* zh-Hans */ = {isa = PBXFileReference; lastKnownFileType = text.plist.strings; name = "zh-Hans"; path = "zh-Hans.lproj/JSPlayer.strings"; sourceTree = "<group>"; };
		01C0807627BB5CFD00E87A8C /* Base */ = {isa = PBXFileReference; lastKnownFileType = file.storyboard; name = Base; path = Base.lproj/Preferences.storyboard; sourceTree = "<group>"; };
		01C0807927BB5CFF00E87A8C /* zh-Hans */ = {isa = PBXFileReference; lastKnownFileType = text.plist.strings; name = "zh-Hans"; path = "zh-Hans.lproj/Preferences.strings"; sourceTree = "<group>"; };
		01C248B42A623EC000C92639 /* IINAApp.swift */ = {isa = PBXFileReference; lastKnownFileType = sourcecode.swift; path = IINAApp.swift; sourceTree = "<group>"; };
		01C248B62A62418E00C92639 /* iina-plugin-danmaku.iinaplgz */ = {isa = PBXFileReference; lastKnownFileType = file; path = "iina-plugin-danmaku.iinaplgz"; sourceTree = "<group>"; };
		01C248C92CE480670074A76F /* TokenBucket.swift */ = {isa = PBXFileReference; lastKnownFileType = sourcecode.swift; path = TokenBucket.swift; sourceTree = "<group>"; };
		01C338B428E47B3F004CC0B8 /* MBGA.swift */ = {isa = PBXFileReference; lastKnownFileType = sourcecode.swift; path = MBGA.swift; sourceTree = "<group>"; };
		01C373582429F2C2006778D1 /* README.md */ = {isa = PBXFileReference; fileEncoding = 4; lastKnownFileType = net.daringfireball.markdown; path = README.md; sourceTree = SOURCE_ROOT; };
		01D482BA2CAF978C00F636EE /* CharacterSetExtension.swift */ = {isa = PBXFileReference; lastKnownFileType = sourcecode.swift; path = CharacterSetExtension.swift; sourceTree = "<group>"; };
		01D828282AC3E1A6003A73BA /* mpegts.js */ = {isa = PBXFileReference; fileEncoding = 4; lastKnownFileType = sourcecode.javascript; name = mpegts.js; path = "IINA+/WebFiles/node_modules/mpegts.js/dist/mpegts.js"; sourceTree = SOURCE_ROOT; };
		01D8762827D459C5001140DD /* crypto-js.js */ = {isa = PBXFileReference; fileEncoding = 4; lastKnownFileType = sourcecode.javascript; name = "crypto-js.js"; path = "IINA+/WebFiles/node_modules/crypto-js/crypto-js.js"; sourceTree = SOURCE_ROOT; };
		01DCD2F8259710D800D286C8 /* BilibiliDMMessage.swift */ = {isa = PBXFileReference; fileEncoding = 4; lastKnownFileType = sourcecode.swift; path = BilibiliDMMessage.swift; sourceTree = "<group>"; };
		01E40FEA22C304E800864118 /* ImageLoader.swift */ = {isa = PBXFileReference; lastKnownFileType = sourcecode.swift; path = ImageLoader.swift; sourceTree = "<group>"; };
		01E40FF722C39E7100864118 /* zh-Hans */ = {isa = PBXFileReference; lastKnownFileType = text.plist.strings; name = "zh-Hans"; path = "zh-Hans.lproj/Localizable.strings"; sourceTree = "<group>"; };
		01E40FF922C39E7700864118 /* en */ = {isa = PBXFileReference; lastKnownFileType = text.plist.strings; name = en; path = en.lproj/Localizable.strings; sourceTree = "<group>"; };
		01E6A09B211AD62800C6EF98 /* VideoDurationFormatter.swift */ = {isa = PBXFileReference; lastKnownFileType = sourcecode.swift; path = VideoDurationFormatter.swift; sourceTree = "<group>"; };
		01EDCCA62A791EB5001DC138 /* test.htm */ = {isa = PBXFileReference; fileEncoding = 4; lastKnownFileType = text.html; path = test.htm; sourceTree = "<group>"; };
		01F46CA02102EF4600FE9DAD /* GereralViewController.swift */ = {isa = PBXFileReference; lastKnownFileType = sourcecode.swift; path = GereralViewController.swift; sourceTree = "<group>"; };
		01F46CDC2108C55C00FE9DAD /* iina+.entitlements */ = {isa = PBXFileReference; lastKnownFileType = text.plist.entitlements; path = "iina+.entitlements"; sourceTree = "<group>"; };
		01F515192109F002007C7153 /* LiveStatusTableCellView.swift */ = {isa = PBXFileReference; lastKnownFileType = sourcecode.swift; path = LiveStatusTableCellView.swift; sourceTree = "<group>"; };
		01F6C4F2213396B20009672A /* iina+-Bridging-Header.h */ = {isa = PBXFileReference; lastKnownFileType = sourcecode.c.h; path = "iina+-Bridging-Header.h"; sourceTree = "<group>"; };
/* End PBXFileReference section */

/* Begin PBXFrameworksBuildPhase section */
		01AEC8A420EDFD01001406E8 /* Frameworks */ = {
			isa = PBXFrameworksBuildPhase;
			buildActionMask = 2147483647;
			files = (
				01C0809A27BC079200E87A8C /* Sparkle in Frameworks */,
				01C0809127BC05A500E87A8C /* Gzip in Frameworks */,
				01C0809D27BC0BC400E87A8C /* SocketRocket in Frameworks */,
				01C0808827BC049500E87A8C /* CryptoSwift in Frameworks */,
				01E668D22CEA322F008C51E7 /* NIOFoundationCompat in Frameworks */,
				01C0809427BC06EC00E87A8C /* SwiftProtobuf in Frameworks */,
				01C248CD2CE480F30074A76F /* DequeModule in Frameworks */,
				01E668D62CEA322F008C51E7 /* NIOWebSocket in Frameworks */,
				01E668D42CEA322F008C51E7 /* NIOHTTP1 in Frameworks */,
				01C0807C27BC00EA00E87A8C /* Alamofire in Frameworks */,
				01C0809727BC074000E87A8C /* SDWebImage in Frameworks */,
				01C0808527BC03E300E87A8C /* SwiftSoup in Frameworks */,
				01E668D02CEA322F008C51E7 /* NIOCore in Frameworks */,
				01C0808B27BC04C500E87A8C /* Marshal in Frameworks */,
			);
			runOnlyForDeploymentPostprocessing = 0;
		};
/* End PBXFrameworksBuildPhase section */

/* Begin PBXGroup section */
		0101012C211DCE22002F0F7F /* Siderbar */ = {
			isa = PBXGroup;
			children = (
				01010126211DCAE8002F0F7F /* SidebarViewController.swift */,
				0101012A211DCE1C002F0F7F /* SidebarTableCellView.swift */,
				0101012D211DE83B002F0F7F /* SidebarTableView.swift */,
				0169097F21CF472F008CDF0E /* SideBarImageView.swift */,
			);
			path = Siderbar;
			sourceTree = "<group>";
		};
		01010133211E9AA1002F0F7F /* TableViewCustomViews */ = {
			isa = PBXGroup;
			children = (
				013A05EE2BC8052900AD63DD /* MainWindowTableView.swift */,
				01398986210F58E500B7042F /* MainWindowTableRowView.swift */,
				01F515192109F002007C7153 /* LiveStatusTableCellView.swift */,
				0189534727A0F5A90011BAAC /* LiveStateTextField.swift */,
				015EDE26273D333900271901 /* LiveStateTransformers.swift */,
				0101013821200DC5002F0F7F /* LiveUrlTableCellView.swift */,
				012601732119FBF400C9C639 /* BilibiliCardTableCellView.swift */,
				0101012F211E987D002F0F7F /* SuggestionsTableCellView.swift */,
				01010130211E987D002F0F7F /* WaitingTableCellView.swift */,
				0132B2E22123D05E001EB7DC /* BilibiliCardProgressView.swift */,
				0132B2E42123D68D001EB7DC /* BilibiliCardImageBoxView.swift */,
			);
			path = TableViewCustomViews;
			sourceTree = "<group>";
		};
		010F0EF320F8930500F33553 /* Views */ = {
			isa = PBXGroup;
			children = (
				0189534B27A138040011BAAC /* JSPlayer */,
				0101012C211DCE22002F0F7F /* Siderbar */,
				01F46C9F2102EEFB00FE9DAD /* Preferences */,
				01479CD8210B35D80046AAAD /* MainWindow */,
				014327B522AF5BB700651064 /* Open Files */,
				01AEC8B020EDFD02001406E8 /* Main.storyboard */,
				01479CD6210B35480046AAAD /* MainMenu.swift */,
				01AEC8C820F1081C001406E8 /* Identifiers.swift */,
			);
			path = Views;
			sourceTree = "<group>";
		};
		010F0F2E20FF414E00F33553 /* Core Data */ = {
			isa = PBXGroup;
			children = (
				010F0F1720FE4F0900F33553 /* DataModel.xcdatamodeld */,
				014B447B210069FF00E7AA6A /* Bookmark.swift */,
				014B447C210069FF00E7AA6A /* BookmarkExtension.swift */,
				01479CD2210AF5F40046AAAD /* DataManager.swift */,
			);
			path = "Core Data";
			sourceTree = "<group>";
		};
		0120932727A3B350002C7FD3 /* WebFiles */ = {
			isa = PBXGroup;
			children = (
				01BC354929AF2BC000B45577 /* DouYin */,
				0120933427A3B576002C7FD3 /* Deps */,
				01B53B5127B64E0B0051F7B4 /* Danmaku */,
				01B53B5027B64DFD0051F7B4 /* flvplayer */,
			);
			path = WebFiles;
			sourceTree = "<group>";
		};
		0120933427A3B576002C7FD3 /* Deps */ = {
			isa = PBXGroup;
			children = (
				01D8762827D459C5001140DD /* crypto-js.js */,
				01D828282AC3E1A6003A73BA /* mpegts.js */,
				01B53B5C27B64F420051F7B4 /* style.min.css */,
				01B53B5A27B64F370051F7B4 /* CommentCoreLibrary.min.js */,
			);
			path = Deps;
			sourceTree = "<group>";
		};
		012601722119BA6D00C9C639 /* Utils */ = {
			isa = PBXGroup;
			children = (
				01C248C92CE480670074A76F /* TokenBucket.swift */,
				01BAD2AD2B13960600A64D55 /* Extensions */,
				018F4F5F280D89BB0045B67C /* VideoDecoder */,
				01B090A6281CFF1B00E305B7 /* Danmaku */,
				0155C3962CF481B9004A2042 /* HttpServer */,
				01260177211ABD3B00C9C639 /* VideoViewsFormatter.swift */,
				01E6A09B211AD62800C6EF98 /* VideoDurationFormatter.swift */,
				01AEC8BB20EDFFBD001406E8 /* YouGetJSON.swift */,
				01AEC8BD20EE108B001406E8 /* Processes.swift */,
				01C248B42A623EC000C92639 /* IINAApp.swift */,
				01AEC8C120EFBCCF001406E8 /* MPVOption.swift */,
				011E4D3221E99CA300997633 /* Log.swift */,
				01E40FEA22C304E800864118 /* ImageLoader.swift */,
				016D772327B0CD4300358E2F /* WaitTimer.swift */,
				01B881362C4128E900E44B97 /* BilibiliDynamicManger.swift */,
			);
			path = Utils;
			sourceTree = "<group>";
		};
		014327B522AF5BB700651064 /* Open Files */ = {
			isa = PBXGroup;
			children = (
				014327BC22AF5C9D00651064 /* OpenFilesWindowController.swift */,
				014327B822AF5BED00651064 /* OpenFilesViewController.swift */,
				014327B622AF5BE100651064 /* OpenFilesWindow.storyboard */,
			);
			path = "Open Files";
			sourceTree = "<group>";
		};
		01479CD8210B35D80046AAAD /* MainWindow */ = {
			isa = PBXGroup;
			children = (
				01010133211E9AA1002F0F7F /* TableViewCustomViews */,
				016792E8212BF89A003517A7 /* SelectVideoCollectionView */,
				010F0EF120F890DB00F33553 /* MainWindowController.swift */,
				01AEC8AC20EDFD01001406E8 /* MainViewController.swift */,
				019948BE2743DF3600C71708 /* ObjMenuItem.swift */,
				01479CD4210AFACB0046AAAD /* AddBookmarkViewController.swift */,
				01010136211EFA75002F0F7F /* SuggestionsTableView.swift */,
			);
			path = MainWindow;
			sourceTree = "<group>";
		};
		014F53F726D9183F00B9E82A /* Frameworks */ = {
			isa = PBXGroup;
			children = (
			);
			name = Frameworks;
			sourceTree = "<group>";
		};
		0155C3962CF481B9004A2042 /* HttpServer */ = {
			isa = PBXGroup;
			children = (
				0155C3912CF481B9004A2042 /* HttpServer.swift */,
				0155C3932CF481B9004A2042 /* NIOHTTPServer.swift */,
				0155C3952CF481B9004A2042 /* DanmakuWebSocketHandler.swift */,
				0155C38F2CF481B9004A2042 /* DanmakuWS.swift */,
				0155C3A02CF493BC004A2042 /* HTTPHandler.swift */,
			);
			path = HttpServer;
			sourceTree = "<group>";
		};
		016792E8212BF89A003517A7 /* SelectVideoCollectionView */ = {
			isa = PBXGroup;
			children = (
				016792E0212BBB43003517A7 /* SelectVideoViewController.swift */,
				016792E4212BDEE5003517A7 /* SelectVideoCollectionViewItem.swift */,
				016792ED212C421F003517A7 /* SelectVideoCollectionViewItemView.swift */,
				016792E5212BDEE5003517A7 /* SelectVideoCollectionViewItem.xib */,
				01B82B3828EEF9D300928F61 /* SelectVideoCollectionViewHeader.swift */,
				01B82B3628EEF74800928F61 /* SelectVideoCollectionViewHeader.xib */,
			);
			path = SelectVideoCollectionView;
			sourceTree = "<group>";
		};
		0189534B27A138040011BAAC /* JSPlayer */ = {
			isa = PBXGroup;
			children = (
				01C0807227BB5CF300E87A8C /* JSPlayer.storyboard */,
				0120934127A40869002C7FD3 /* JSPlayerWindowController.swift */,
				0189534E27A138310011BAAC /* JSPlayerViewController.swift */,
				0102924527ACF8AB00CB74B5 /* ControllersVisualEffectView.swift */,
				0120934327A4F632002C7FD3 /* JSPlayerWebView.swift */,
				019F584E2AF1450800235BAE /* JSPlayerURLSchemeHandler.swift */,
				0106179C2AF34EFF005C7877 /* JSPlayerURL.swift */,
			);
			path = JSPlayer;
			sourceTree = "<group>";
		};
		018F4F5F280D89BB0045B67C /* VideoDecoder */ = {
			isa = PBXGroup;
			children = (
				013CE8DF21854813000271FB /* VideoDecoder.swift */,
				015C19DB218B0D4F003B2F3A /* VideoGetStructs.swift */,
				0199489D2742852E00C71708 /* SupportSites.swift */,
				018F4F692812D95C0045B67C /* CC163.swift */,
				01892C7727C0CDA400494AFD /* DouYin.swift */,
				0120FDBE2C725E9800526079 /* DouyinCookiesManager.swift */,
				018F4F652812C3EB0045B67C /* Douyu.swift */,
				018F4F6028126FFD0045B67C /* Huya.swift */,
				01A183DA2B789728006FA874 /* HuyaUrl.swift */,
				018F4F6B2817FFF30045B67C /* BiliLive.swift */,
				01683DDA2118905D0016A886 /* Bilibili.swift */,
				013598972CEC95AE00B3EFC0 /* BilbiliShare.swift */,
				013598952CEC8EC400B3EFC0 /* Bangumi.swift */,
				018739ED2852135200156F3F /* QQLive.swift */,
				01C338B428E47B3F004CC0B8 /* MBGA.swift */,
				010BEA6B2C4FE2C60061E1DC /* BilibiliDash.swift */,
			);
			path = VideoDecoder;
			sourceTree = "<group>";
		};
		019EB39D21453A97000FD123 /* Resources */ = {
			isa = PBXGroup;
			children = (
				01C248B62A62418E00C92639 /* iina-plugin-danmaku.iinaplgz */,
				015C19F6218FC9A8003B2F3A /* Block-List-Basic.xml */,
				015C19F5218FC9A8003B2F3A /* Block-List-Plus.xml */,
				013850F9214EA2AA003817CE /* huya.js */,
				01E40FF822C39E7100864118 /* Localizable.strings */,
			);
			name = Resources;
			sourceTree = "<group>";
		};
		01AEC89E20EDFD01001406E8 = {
			isa = PBXGroup;
			children = (
				01AEC8A920EDFD01001406E8 /* IINA+ */,
				01AEC8A820EDFD01001406E8 /* Products */,
				014F53F726D9183F00B9E82A /* Frameworks */,
			);
			sourceTree = "<group>";
		};
		01AEC8A820EDFD01001406E8 /* Products */ = {
			isa = PBXGroup;
			children = (
				01AEC8A720EDFD01001406E8 /* IINA+.app */,
			);
			name = Products;
			sourceTree = "<group>";
		};
		01AEC8A920EDFD01001406E8 /* IINA+ */ = {
			isa = PBXGroup;
			children = (
				01C373582429F2C2006778D1 /* README.md */,
				01F46CDC2108C55C00FE9DAD /* iina+.entitlements */,
				0120932727A3B350002C7FD3 /* WebFiles */,
				019EB39D21453A97000FD123 /* Resources */,
				01AEC8BA20EDFD3F001406E8 /* Assets */,
				010F0F2E20FF414E00F33553 /* Core Data */,
				012601722119BA6D00C9C639 /* Utils */,
				010F0EF320F8930500F33553 /* Views */,
				01AEC8AA20EDFD01001406E8 /* AppDelegate.swift */,
				010F0F1220FE1DD100F33553 /* Preferences.swift */,
				01AEC8B320EDFD02001406E8 /* Info.plist */,
				01F6C4F2213396B20009672A /* iina+-Bridging-Header.h */,
			);
			path = "IINA+";
			sourceTree = "<group>";
		};
		01AEC8BA20EDFD3F001406E8 /* Assets */ = {
			isa = PBXGroup;
			children = (
				01AEC8AE20EDFD02001406E8 /* Assets.xcassets */,
			);
			path = Assets;
			sourceTree = "<group>";
		};
		01B090A6281CFF1B00E305B7 /* Danmaku */ = {
			isa = PBXGroup;
			children = (
				013CE8DD2184459E000271FB /* Danmaku.swift */,
				016A71EC2A91AA48007B4CA3 /* DanmakuBiliLive.swift */,
				01942A3327C3BED70092FA5A /* DouYinDM.swift */,
				0182F5DE295FDAB600DB8BDD /* DouYinPushFrame.pb.swift */,
				0182F5DC295F108D00DB8BDD /* DouYinResponse.pb.swift */,
				01942A3127C345060092FA5A /* DouYinDMResponse.pb.swift */,
				01DCD2F8259710D800D286C8 /* BilibiliDMMessage.swift */,
				016A71F22A91C50F007B4CA3 /* BiliLiveDMv2.pb.swift */,
			);
			path = Danmaku;
			sourceTree = "<group>";
		};
		01B53B5027B64DFD0051F7B4 /* flvplayer */ = {
			isa = PBXGroup;
			children = (
				0120932827A3B441002C7FD3 /* flvplayer.css */,
				0120932A27A3B441002C7FD3 /* flvplayer.htm */,
				0120932927A3B441002C7FD3 /* flvplayer.js */,
			);
			path = flvplayer;
			sourceTree = "<group>";
		};
		01B53B5127B64E0B0051F7B4 /* Danmaku */ = {
			isa = PBXGroup;
			children = (
				01EDCCA62A791EB5001DC138 /* test.htm */,
				01B53B5327B64E1A0051F7B4 /* default.css */,
				01B53B5427B64E1A0051F7B4 /* index.htm */,
				01B53B5227B64E190051F7B4 /* main.js */,
			);
			path = Danmaku;
			sourceTree = "<group>";
		};
		01BAD2AD2B13960600A64D55 /* Extensions */ = {
			isa = PBXGroup;
			children = (
				01942A3527C49D850092FA5A /* WKWebViewExtension.swift */,
				01D482BA2CAF978C00F636EE /* CharacterSetExtension.swift */,
				01010124211DBC27002F0F7F /* StringExtension.swift */,
				0184D7112B2025FF00C7901A /* DateExtension.swift */,
				012738C02C731EEB0031E643 /* TaskExtension.swift */,
			);
			path = Extensions;
			sourceTree = "<group>";
		};
		01BC354929AF2BC000B45577 /* DouYin */ = {
			isa = PBXGroup;
			children = (
				01BC354A29AF2BC000B45577 /* douyin.html */,
			);
			path = DouYin;
			sourceTree = "<group>";
		};
		01F46C9F2102EEFB00FE9DAD /* Preferences */ = {
			isa = PBXGroup;
			children = (
				01398984210F27A600B7042F /* PreferencesWindowController.swift */,
				01260170211948BF00C9C639 /* PreferencesTabViewController.swift */,
				01C0807727BB5CFD00E87A8C /* Preferences.storyboard */,
				01F46CA02102EF4600FE9DAD /* GereralViewController.swift */,
				01683DDD211924160016A886 /* BilibiliViewController.swift */,
				0196CB6321214B4200BCD29E /* AdvancedViewController.swift */,
				01683DD8211869AE0016A886 /* BilibiliLoginViewController.swift */,
				011329252C06252300ED0D78 /* AboutViewController.swift */,
				0189533E279FBC470011BAAC /* ColorPickButton.swift */,
				01B331C62A640D9000AB380C /* PluginViewController.swift */,
			);
			path = Preferences;
			sourceTree = "<group>";
		};
/* End PBXGroup section */

/* Begin PBXNativeTarget section */
		01AEC8A620EDFD01001406E8 /* IINA+ */ = {
			isa = PBXNativeTarget;
			buildConfigurationList = 01AEC8B720EDFD02001406E8 /* Build configuration list for PBXNativeTarget "IINA+" */;
			buildPhases = (
				01AEC8A320EDFD01001406E8 /* Sources */,
				01AEC8A420EDFD01001406E8 /* Frameworks */,
				01AEC8A520EDFD01001406E8 /* Resources */,
				013CE8EF2185D09F000271FB /* Copy Web Files */,
				014F541926D9184100B9E82A /* Embed Frameworks */,
				0152EF4329ACED2700F89E2A /* Copy DouYin */,
				01003E712B771D9100A152ED /* ShellScript */,
			);
			buildRules = (
			);
			dependencies = (
			);
			name = "IINA+";
			packageProductDependencies = (
				01C0807B27BC00EA00E87A8C /* Alamofire */,
				01C0808427BC03E300E87A8C /* SwiftSoup */,
				01C0808727BC049500E87A8C /* CryptoSwift */,
				01C0808A27BC04C500E87A8C /* Marshal */,
				01C0809027BC05A500E87A8C /* Gzip */,
				01C0809327BC06EC00E87A8C /* SwiftProtobuf */,
				01C0809627BC074000E87A8C /* SDWebImage */,
				01C0809927BC079200E87A8C /* Sparkle */,
				01C0809C27BC0BC400E87A8C /* SocketRocket */,
				01C248CC2CE480F30074A76F /* DequeModule */,
				01E668CF2CEA322F008C51E7 /* NIOCore */,
				01E668D12CEA322F008C51E7 /* NIOFoundationCompat */,
				01E668D32CEA322F008C51E7 /* NIOHTTP1 */,
				01E668D52CEA322F008C51E7 /* NIOWebSocket */,
			);
			productName = "iina+";
			productReference = 01AEC8A720EDFD01001406E8 /* IINA+.app */;
			productType = "com.apple.product-type.application";
		};
/* End PBXNativeTarget section */

/* Begin PBXProject section */
		01AEC89F20EDFD01001406E8 /* Project object */ = {
			isa = PBXProject;
			attributes = {
				BuildIndependentTargetsInParallel = YES;
				LastSwiftUpdateCheck = 0940;
				LastUpgradeCheck = 1510;
				ORGANIZATIONNAME = xjbeta;
				TargetAttributes = {
					01AEC8A620EDFD01001406E8 = {
						CreatedOnToolsVersion = 9.4.1;
						LastSwiftMigration = 1020;
						SystemCapabilities = {
							com.apple.ApplicationGroups.Mac = {
								enabled = 0;
							};
							com.apple.Push = {
								enabled = 0;
							};
							com.apple.Sandbox = {
								enabled = 0;
							};
						};
					};
				};
			};
			buildConfigurationList = 01AEC8A220EDFD01001406E8 /* Build configuration list for PBXProject "IINA+" */;
			compatibilityVersion = "Xcode 9.3";
			developmentRegion = en;
			hasScannedForEncodings = 0;
			knownRegions = (
				en,
				Base,
				"zh-Hans",
			);
			mainGroup = 01AEC89E20EDFD01001406E8;
			packageReferences = (
				01C0807A27BC00EA00E87A8C /* XCRemoteSwiftPackageReference "Alamofire" */,
				01C0808327BC03E300E87A8C /* XCRemoteSwiftPackageReference "SwiftSoup" */,
				01C0808627BC049500E87A8C /* XCRemoteSwiftPackageReference "CryptoSwift" */,
				01C0808927BC04C500E87A8C /* XCRemoteSwiftPackageReference "Marshal" */,
				01C0808F27BC05A500E87A8C /* XCRemoteSwiftPackageReference "GzipSwift" */,
				01C0809227BC06EC00E87A8C /* XCRemoteSwiftPackageReference "swift-protobuf" */,
				01C0809527BC074000E87A8C /* XCRemoteSwiftPackageReference "SDWebImage" */,
				01C0809827BC079200E87A8C /* XCRemoteSwiftPackageReference "Sparkle" */,
				01C0809B27BC0BC400E87A8C /* XCRemoteSwiftPackageReference "SocketRocket" */,
				010CE8C72A911010002FA130 /* XCRemoteSwiftPackageReference "SwiftBrotli" */,
				01C248CB2CE480F30074A76F /* XCRemoteSwiftPackageReference "swift-collections" */,
				01E668CE2CEA322F008C51E7 /* XCRemoteSwiftPackageReference "swift-nio" */,
			);
			productRefGroup = 01AEC8A820EDFD01001406E8 /* Products */;
			projectDirPath = "";
			projectRoot = "";
			targets = (
				01AEC8A620EDFD01001406E8 /* IINA+ */,
			);
		};
/* End PBXProject section */

/* Begin PBXResourcesBuildPhase section */
		01AEC8A520EDFD01001406E8 /* Resources */ = {
			isa = PBXResourcesBuildPhase;
			buildActionMask = 2147483647;
			files = (
				017F0C502A63C24400043338 /* iina-plugin-danmaku.iinaplgz in Resources */,
				01AEC8AF20EDFD02001406E8 /* Assets.xcassets in Resources */,
				01C373592429F2C2006778D1 /* README.md in Resources */,
				01D8762927D459C5001140DD /* crypto-js.js in Resources */,
				015C19F7218FC9A8003B2F3A /* Block-List-Plus.xml in Resources */,
				01C0807027BB5CF300E87A8C /* JSPlayer.storyboard in Resources */,
				016792E7212BDEE5003517A7 /* SelectVideoCollectionViewItem.xib in Resources */,
				01E40FF622C39E7100864118 /* Localizable.strings in Resources */,
				01B82B3728EEF74800928F61 /* SelectVideoCollectionViewHeader.xib in Resources */,
				01BC354B29AF2BC000B45577 /* douyin.html in Resources */,
				013850FA214EA2AA003817CE /* huya.js in Resources */,
				01AEC8B220EDFD02001406E8 /* Main.storyboard in Resources */,
				015C19F8218FC9A8003B2F3A /* Block-List-Basic.xml in Resources */,
				01C0807527BB5CFD00E87A8C /* Preferences.storyboard in Resources */,
				014327B722AF5BE100651064 /* OpenFilesWindow.storyboard in Resources */,
				01EDCCA72A791EB5001DC138 /* test.htm in Resources */,
			);
			runOnlyForDeploymentPostprocessing = 0;
		};
/* End PBXResourcesBuildPhase section */

/* Begin PBXShellScriptBuildPhase section */
		01003E712B771D9100A152ED /* ShellScript */ = {
			isa = PBXShellScriptBuildPhase;
			alwaysOutOfDate = 1;
			buildActionMask = 12;
			files = (
			);
			inputFileListPaths = (
			);
			inputPaths = (
			);
			outputFileListPaths = (
			);
			outputPaths = (
			);
			runOnlyForDeploymentPostprocessing = 0;
			shellPath = /bin/sh;
			shellScript = "#!/bin/bash\nBUILD_NUMBER=`date +%y%m%d%H`\n/usr/libexec/PlistBuddy -c \"Set :CFBundleVersion $BUILD_NUMBER\" \"${TARGET_BUILD_DIR}\"/\"${INFOPLIST_PATH}\"\n";
		};
/* End PBXShellScriptBuildPhase section */

/* Begin PBXSourcesBuildPhase section */
		01AEC8A320EDFD01001406E8 /* Sources */ = {
			isa = PBXSourcesBuildPhase;
			buildActionMask = 2147483647;
			files = (
				0189533F279FBC470011BAAC /* ColorPickButton.swift in Sources */,
				01DCD2F9259710D800D286C8 /* BilibiliDMMessage.swift in Sources */,
				01A183DB2B789728006FA874 /* HuyaUrl.swift in Sources */,
				012738C12C731EEB0031E643 /* TaskExtension.swift in Sources */,
				010F0F1920FE4F0900F33553 /* DataModel.xcdatamodeld in Sources */,
				0120934227A40869002C7FD3 /* JSPlayerWindowController.swift in Sources */,
				016792E6212BDEE5003517A7 /* SelectVideoCollectionViewItem.swift in Sources */,
				0101013921200DC5002F0F7F /* LiveUrlTableCellView.swift in Sources */,
				018F4F6A2812D95C0045B67C /* CC163.swift in Sources */,
				0120FDBF2C725E9800526079 /* DouyinCookiesManager.swift in Sources */,
				01C338B528E47B3F004CC0B8 /* MBGA.swift in Sources */,
				01479CD3210AF5F40046AAAD /* DataManager.swift in Sources */,
				01398985210F27A600B7042F /* PreferencesWindowController.swift in Sources */,
				01AEC8BE20EE108B001406E8 /* Processes.swift in Sources */,
				012601742119FBF400C9C639 /* BilibiliCardTableCellView.swift in Sources */,
				01942A3227C345060092FA5A /* DouYinDMResponse.pb.swift in Sources */,
				01010127211DCAE8002F0F7F /* SidebarViewController.swift in Sources */,
				01AEC8C220EFBCCF001406E8 /* MPVOption.swift in Sources */,
				0155C3A12CF493BC004A2042 /* HTTPHandler.swift in Sources */,
				014327BA22AF5BED00651064 /* OpenFilesViewController.swift in Sources */,
				016792EE212C421F003517A7 /* SelectVideoCollectionViewItemView.swift in Sources */,
				0189534F27A138310011BAAC /* JSPlayerViewController.swift in Sources */,
				01AEC8C920F1081C001406E8 /* Identifiers.swift in Sources */,
				01010125211DBC27002F0F7F /* StringExtension.swift in Sources */,
				013A05EF2BC8052900AD63DD /* MainWindowTableView.swift in Sources */,
				013598982CEC95AE00B3EFC0 /* BilbiliShare.swift in Sources */,
				010BEA6C2C4FE2C60061E1DC /* BilibiliDash.swift in Sources */,
				0182F5DF295FDAB600DB8BDD /* DouYinPushFrame.pb.swift in Sources */,
				0196CB6421214B4200BCD29E /* AdvancedViewController.swift in Sources */,
				0199489E2742852E00C71708 /* SupportSites.swift in Sources */,
				01AEC8AD20EDFD01001406E8 /* MainViewController.swift in Sources */,
				0155C3972CF481B9004A2042 /* DanmakuWebSocketHandler.swift in Sources */,
				0155C3982CF481B9004A2042 /* DanmakuWS.swift in Sources */,
				0155C39B2CF481B9004A2042 /* HttpServer.swift in Sources */,
				0155C39C2CF481B9004A2042 /* NIOHTTPServer.swift in Sources */,
				019948BF2743DF3600C71708 /* ObjMenuItem.swift in Sources */,
				01683DDB2118905D0016A886 /* Bilibili.swift in Sources */,
				0182F5DD295F108D00DB8BDD /* DouYinResponse.pb.swift in Sources */,
				01260178211ABD3B00C9C639 /* VideoViewsFormatter.swift in Sources */,
				016A71F32A91C50F007B4CA3 /* BiliLiveDMv2.pb.swift in Sources */,
				01C248CA2CE480670074A76F /* TokenBucket.swift in Sources */,
				014B447E210069FF00E7AA6A /* BookmarkExtension.swift in Sources */,
				01B881372C4128EA00E44B97 /* BilibiliDynamicManger.swift in Sources */,
				01479CD5210AFACB0046AAAD /* AddBookmarkViewController.swift in Sources */,
				01C248B52A623EC000C92639 /* IINAApp.swift in Sources */,
				016A71ED2A91AA48007B4CA3 /* DanmakuBiliLive.swift in Sources */,
				01479CD7210B35480046AAAD /* MainMenu.swift in Sources */,
				01E40FEB22C304E800864118 /* ImageLoader.swift in Sources */,
				01F46CA12102EF4600FE9DAD /* GereralViewController.swift in Sources */,
				015C19DC218B0D4F003B2F3A /* VideoGetStructs.swift in Sources */,
				013CE8DE2184459E000271FB /* Danmaku.swift in Sources */,
				013598962CEC8EC400B3EFC0 /* Bangumi.swift in Sources */,
				0101012B211DCE1C002F0F7F /* SidebarTableCellView.swift in Sources */,
				0184D7122B2025FF00C7901A /* DateExtension.swift in Sources */,
				011E4D3321E99CA400997633 /* Log.swift in Sources */,
				018F4F6C2817FFF30045B67C /* BiliLive.swift in Sources */,
				018F4F662812C3EB0045B67C /* Douyu.swift in Sources */,
				018F4F6128126FFD0045B67C /* Huya.swift in Sources */,
				01F5151A2109F002007C7153 /* LiveStatusTableCellView.swift in Sources */,
				014B447D210069FF00E7AA6A /* Bookmark.swift in Sources */,
				01B331C72A640D9000AB380C /* PluginViewController.swift in Sources */,
				01398987210F58E500B7042F /* MainWindowTableRowView.swift in Sources */,
				015EDE27273D333900271901 /* LiveStateTransformers.swift in Sources */,
				0120934427A4F632002C7FD3 /* JSPlayerWebView.swift in Sources */,
				01AEC8BC20EDFFBD001406E8 /* YouGetJSON.swift in Sources */,
				01B82B3928EEF9D300928F61 /* SelectVideoCollectionViewHeader.swift in Sources */,
				011329262C06252300ED0D78 /* AboutViewController.swift in Sources */,
				0132B2E52123D68D001EB7DC /* BilibiliCardImageBoxView.swift in Sources */,
				01683DD9211869AE0016A886 /* BilibiliLoginViewController.swift in Sources */,
				019F584F2AF1450800235BAE /* JSPlayerURLSchemeHandler.swift in Sources */,
				010F0F1320FE1DD100F33553 /* Preferences.swift in Sources */,
				014327BD22AF5C9D00651064 /* OpenFilesWindowController.swift in Sources */,
				01260171211948BF00C9C639 /* PreferencesTabViewController.swift in Sources */,
				01010131211E987D002F0F7F /* SuggestionsTableCellView.swift in Sources */,
				010F0EF220F890DB00F33553 /* MainWindowController.swift in Sources */,
				01010132211E987D002F0F7F /* WaitingTableCellView.swift in Sources */,
				01892C7827C0CDA400494AFD /* DouYin.swift in Sources */,
				0189534827A0F5A90011BAAC /* LiveStateTextField.swift in Sources */,
				013CE8E021854813000271FB /* VideoDecoder.swift in Sources */,
				01683DDE211924160016A886 /* BilibiliViewController.swift in Sources */,
				01AEC8AB20EDFD01001406E8 /* AppDelegate.swift in Sources */,
				0102924627ACF8AC00CB74B5 /* ControllersVisualEffectView.swift in Sources */,
				0106179D2AF34EFF005C7877 /* JSPlayerURL.swift in Sources */,
				01D482BB2CAF978C00F636EE /* CharacterSetExtension.swift in Sources */,
				01010137211EFA75002F0F7F /* SuggestionsTableView.swift in Sources */,
				016D772427B0CD4300358E2F /* WaitTimer.swift in Sources */,
				01E6A09C211AD62800C6EF98 /* VideoDurationFormatter.swift in Sources */,
				018739EE2852135200156F3F /* QQLive.swift in Sources */,
				0169098021CF472F008CDF0E /* SideBarImageView.swift in Sources */,
				0132B2E32123D05E001EB7DC /* BilibiliCardProgressView.swift in Sources */,
				016792E1212BBB43003517A7 /* SelectVideoViewController.swift in Sources */,
				01942A3627C49D850092FA5A /* WKWebViewExtension.swift in Sources */,
				01942A3427C3BED70092FA5A /* DouYinDM.swift in Sources */,
				0101012E211DE83B002F0F7F /* SidebarTableView.swift in Sources */,
			);
			runOnlyForDeploymentPostprocessing = 0;
		};
/* End PBXSourcesBuildPhase section */

/* Begin PBXVariantGroup section */
		01AEC8B020EDFD02001406E8 /* Main.storyboard */ = {
			isa = PBXVariantGroup;
			children = (
				01AEC8B120EDFD02001406E8 /* Base */,
				016E07C326BB8FDF000AB100 /* zh-Hans */,
			);
			name = Main.storyboard;
			sourceTree = "<group>";
		};
		01C0807227BB5CF300E87A8C /* JSPlayer.storyboard */ = {
			isa = PBXVariantGroup;
			children = (
				01C0807127BB5CF300E87A8C /* Base */,
				01C0807427BB5CF500E87A8C /* zh-Hans */,
			);
			name = JSPlayer.storyboard;
			sourceTree = "<group>";
		};
		01C0807727BB5CFD00E87A8C /* Preferences.storyboard */ = {
			isa = PBXVariantGroup;
			children = (
				01C0807627BB5CFD00E87A8C /* Base */,
				01C0807927BB5CFF00E87A8C /* zh-Hans */,
			);
			name = Preferences.storyboard;
			sourceTree = "<group>";
		};
		01E40FF822C39E7100864118 /* Localizable.strings */ = {
			isa = PBXVariantGroup;
			children = (
				01E40FF722C39E7100864118 /* zh-Hans */,
				01E40FF922C39E7700864118 /* en */,
			);
			name = Localizable.strings;
			sourceTree = "<group>";
		};
/* End PBXVariantGroup section */

/* Begin XCBuildConfiguration section */
		01AEC8B520EDFD02001406E8 /* Debug */ = {
			isa = XCBuildConfiguration;
			buildSettings = {
				ALWAYS_SEARCH_USER_PATHS = NO;
				ASSETCATALOG_COMPILER_GENERATE_SWIFT_ASSET_SYMBOL_EXTENSIONS = YES;
				CLANG_ANALYZER_LOCALIZABILITY_NONLOCALIZED = YES;
				CLANG_ANALYZER_NONNULL = YES;
				CLANG_ANALYZER_NUMBER_OBJECT_CONVERSION = YES_AGGRESSIVE;
				CLANG_CXX_LANGUAGE_STANDARD = "gnu++14";
				CLANG_CXX_LIBRARY = "libc++";
				CLANG_ENABLE_MODULES = YES;
				CLANG_ENABLE_OBJC_ARC = YES;
				CLANG_ENABLE_OBJC_WEAK = YES;
				CLANG_WARN_BLOCK_CAPTURE_AUTORELEASING = YES;
				CLANG_WARN_BOOL_CONVERSION = YES;
				CLANG_WARN_COMMA = YES;
				CLANG_WARN_CONSTANT_CONVERSION = YES;
				CLANG_WARN_DEPRECATED_OBJC_IMPLEMENTATIONS = YES;
				CLANG_WARN_DIRECT_OBJC_ISA_USAGE = YES_ERROR;
				CLANG_WARN_DOCUMENTATION_COMMENTS = YES;
				CLANG_WARN_EMPTY_BODY = YES;
				CLANG_WARN_ENUM_CONVERSION = YES;
				CLANG_WARN_INFINITE_RECURSION = YES;
				CLANG_WARN_INT_CONVERSION = YES;
				CLANG_WARN_NON_LITERAL_NULL_CONVERSION = YES;
				CLANG_WARN_OBJC_IMPLICIT_RETAIN_SELF = YES;
				CLANG_WARN_OBJC_LITERAL_CONVERSION = YES;
				CLANG_WARN_OBJC_ROOT_CLASS = YES_ERROR;
				CLANG_WARN_QUOTED_INCLUDE_IN_FRAMEWORK_HEADER = YES;
				CLANG_WARN_RANGE_LOOP_ANALYSIS = YES;
				CLANG_WARN_STRICT_PROTOTYPES = YES;
				CLANG_WARN_SUSPICIOUS_MOVE = YES;
				CLANG_WARN_UNGUARDED_AVAILABILITY = YES_AGGRESSIVE;
				CLANG_WARN_UNREACHABLE_CODE = YES;
				CLANG_WARN__DUPLICATE_METHOD_MATCH = YES;
				CODE_SIGN_IDENTITY = "Mac Developer";
				COPY_PHASE_STRIP = NO;
				DEAD_CODE_STRIPPING = YES;
				DEBUG_INFORMATION_FORMAT = dwarf;
				ENABLE_STRICT_OBJC_MSGSEND = YES;
				ENABLE_TESTABILITY = YES;
				ENABLE_USER_SCRIPT_SANDBOXING = YES;
				GCC_C_LANGUAGE_STANDARD = gnu11;
				GCC_DYNAMIC_NO_PIC = NO;
				GCC_NO_COMMON_BLOCKS = YES;
				GCC_OPTIMIZATION_LEVEL = 0;
				GCC_PREPROCESSOR_DEFINITIONS = (
					"DEBUG=1",
					"$(inherited)",
				);
				GCC_WARN_64_TO_32_BIT_CONVERSION = YES;
				GCC_WARN_ABOUT_RETURN_TYPE = YES_ERROR;
				GCC_WARN_UNDECLARED_SELECTOR = YES;
				GCC_WARN_UNINITIALIZED_AUTOS = YES_AGGRESSIVE;
				GCC_WARN_UNUSED_FUNCTION = YES;
				GCC_WARN_UNUSED_VARIABLE = YES;
				MACOSX_DEPLOYMENT_TARGET = 10.15;
				MTL_ENABLE_DEBUG_INFO = YES;
				ONLY_ACTIVE_ARCH = YES;
				SDKROOT = macosx;
				SWIFT_ACTIVE_COMPILATION_CONDITIONS = DEBUG;
				SWIFT_OPTIMIZATION_LEVEL = "-Onone";
				SWIFT_STRICT_CONCURRENCY = complete;
			};
			name = Debug;
		};
		01AEC8B620EDFD02001406E8 /* Release */ = {
			isa = XCBuildConfiguration;
			buildSettings = {
				ALWAYS_SEARCH_USER_PATHS = NO;
				ASSETCATALOG_COMPILER_GENERATE_SWIFT_ASSET_SYMBOL_EXTENSIONS = YES;
				CLANG_ANALYZER_LOCALIZABILITY_NONLOCALIZED = YES;
				CLANG_ANALYZER_NONNULL = YES;
				CLANG_ANALYZER_NUMBER_OBJECT_CONVERSION = YES_AGGRESSIVE;
				CLANG_CXX_LANGUAGE_STANDARD = "gnu++14";
				CLANG_CXX_LIBRARY = "libc++";
				CLANG_ENABLE_MODULES = YES;
				CLANG_ENABLE_OBJC_ARC = YES;
				CLANG_ENABLE_OBJC_WEAK = YES;
				CLANG_WARN_BLOCK_CAPTURE_AUTORELEASING = YES;
				CLANG_WARN_BOOL_CONVERSION = YES;
				CLANG_WARN_COMMA = YES;
				CLANG_WARN_CONSTANT_CONVERSION = YES;
				CLANG_WARN_DEPRECATED_OBJC_IMPLEMENTATIONS = YES;
				CLANG_WARN_DIRECT_OBJC_ISA_USAGE = YES_ERROR;
				CLANG_WARN_DOCUMENTATION_COMMENTS = YES;
				CLANG_WARN_EMPTY_BODY = YES;
				CLANG_WARN_ENUM_CONVERSION = YES;
				CLANG_WARN_INFINITE_RECURSION = YES;
				CLANG_WARN_INT_CONVERSION = YES;
				CLANG_WARN_NON_LITERAL_NULL_CONVERSION = YES;
				CLANG_WARN_OBJC_IMPLICIT_RETAIN_SELF = YES;
				CLANG_WARN_OBJC_LITERAL_CONVERSION = YES;
				CLANG_WARN_OBJC_ROOT_CLASS = YES_ERROR;
				CLANG_WARN_QUOTED_INCLUDE_IN_FRAMEWORK_HEADER = YES;
				CLANG_WARN_RANGE_LOOP_ANALYSIS = YES;
				CLANG_WARN_STRICT_PROTOTYPES = YES;
				CLANG_WARN_SUSPICIOUS_MOVE = YES;
				CLANG_WARN_UNGUARDED_AVAILABILITY = YES_AGGRESSIVE;
				CLANG_WARN_UNREACHABLE_CODE = YES;
				CLANG_WARN__DUPLICATE_METHOD_MATCH = YES;
				CODE_SIGN_IDENTITY = "Mac Developer";
				COPY_PHASE_STRIP = NO;
				DEAD_CODE_STRIPPING = YES;
				DEBUG_INFORMATION_FORMAT = "dwarf-with-dsym";
				ENABLE_NS_ASSERTIONS = NO;
				ENABLE_STRICT_OBJC_MSGSEND = YES;
				ENABLE_USER_SCRIPT_SANDBOXING = YES;
				GCC_C_LANGUAGE_STANDARD = gnu11;
				GCC_NO_COMMON_BLOCKS = YES;
				GCC_WARN_64_TO_32_BIT_CONVERSION = YES;
				GCC_WARN_ABOUT_RETURN_TYPE = YES_ERROR;
				GCC_WARN_UNDECLARED_SELECTOR = YES;
				GCC_WARN_UNINITIALIZED_AUTOS = YES_AGGRESSIVE;
				GCC_WARN_UNUSED_FUNCTION = YES;
				GCC_WARN_UNUSED_VARIABLE = YES;
				MACOSX_DEPLOYMENT_TARGET = 10.15;
				MTL_ENABLE_DEBUG_INFO = NO;
				SDKROOT = macosx;
				SWIFT_COMPILATION_MODE = wholemodule;
				SWIFT_OPTIMIZATION_LEVEL = "-O";
				SWIFT_STRICT_CONCURRENCY = complete;
			};
			name = Release;
		};
		01AEC8B820EDFD02001406E8 /* Debug */ = {
			isa = XCBuildConfiguration;
			buildSettings = {
				ASSETCATALOG_COMPILER_APPICON_NAME = AppIcon;
				CODE_SIGN_IDENTITY = "-";
				COMBINE_HIDPI_IMAGES = YES;
				DEAD_CODE_STRIPPING = YES;
				DEVELOPMENT_TEAM = "";
				ENABLE_USER_SCRIPT_SANDBOXING = NO;
				FRAMEWORK_SEARCH_PATHS = "$(inherited)";
				GCC_OPTIMIZATION_LEVEL = 0;
				INFOPLIST_FILE = "IINA+/Info.plist";
				INFOPLIST_KEY_LSApplicationCategoryType = "public.app-category.utilities";
				LD_RUNPATH_SEARCH_PATHS = (
					"$(inherited)",
					"@executable_path/../Frameworks",
				);
				MACOSX_DEPLOYMENT_TARGET = 11.5;
				MARKETING_VERSION = 0.8.6;
				PRODUCT_BUNDLE_IDENTIFIER = "com.xjbeta.iina-plus";
				PRODUCT_NAME = "$(TARGET_NAME)";
				PROVISIONING_PROFILE_SPECIFIER = "";
				SWIFT_OBJC_BRIDGING_HEADER = "IINA+/iina+-Bridging-Header.h";
				SWIFT_OPTIMIZATION_LEVEL = "-Onone";
				SWIFT_VERSION = 6.0;
			};
			name = Debug;
		};
		01AEC8B920EDFD02001406E8 /* Release */ = {
			isa = XCBuildConfiguration;
			buildSettings = {
				ASSETCATALOG_COMPILER_APPICON_NAME = AppIcon;
				CODE_SIGN_IDENTITY = "-";
				COMBINE_HIDPI_IMAGES = YES;
				DEAD_CODE_STRIPPING = YES;
				DEVELOPMENT_TEAM = "";
				ENABLE_USER_SCRIPT_SANDBOXING = NO;
				FRAMEWORK_SEARCH_PATHS = "$(inherited)";
				INFOPLIST_FILE = "IINA+/Info.plist";
				INFOPLIST_KEY_LSApplicationCategoryType = "public.app-category.utilities";
				LD_RUNPATH_SEARCH_PATHS = (
					"$(inherited)",
					"@executable_path/../Frameworks",
				);
				MACOSX_DEPLOYMENT_TARGET = 11.5;
				MARKETING_VERSION = 0.8.6;
				PRODUCT_BUNDLE_IDENTIFIER = "com.xjbeta.iina-plus";
				PRODUCT_NAME = "$(TARGET_NAME)";
				PROVISIONING_PROFILE_SPECIFIER = "";
				SWIFT_OBJC_BRIDGING_HEADER = "IINA+/iina+-Bridging-Header.h";
				SWIFT_OPTIMIZATION_LEVEL = "-O";
				SWIFT_VERSION = 6.0;
			};
			name = Release;
		};
/* End XCBuildConfiguration section */

/* Begin XCConfigurationList section */
		01AEC8A220EDFD01001406E8 /* Build configuration list for PBXProject "IINA+" */ = {
			isa = XCConfigurationList;
			buildConfigurations = (
				01AEC8B520EDFD02001406E8 /* Debug */,
				01AEC8B620EDFD02001406E8 /* Release */,
			);
			defaultConfigurationIsVisible = 0;
			defaultConfigurationName = Release;
		};
		01AEC8B720EDFD02001406E8 /* Build configuration list for PBXNativeTarget "IINA+" */ = {
			isa = XCConfigurationList;
			buildConfigurations = (
				01AEC8B820EDFD02001406E8 /* Debug */,
				01AEC8B920EDFD02001406E8 /* Release */,
			);
			defaultConfigurationIsVisible = 0;
			defaultConfigurationName = Release;
		};
/* End XCConfigurationList section */

/* Begin XCRemoteSwiftPackageReference section */
		010CE8C72A911010002FA130 /* XCRemoteSwiftPackageReference "SwiftBrotli" */ = {
			isa = XCRemoteSwiftPackageReference;
			repositoryURL = "https://github.com/f-meloni/SwiftBrotli";
			requirement = {
				kind = upToNextMajorVersion;
				minimumVersion = 0.1.0;
			};
		};
		01C0807A27BC00EA00E87A8C /* XCRemoteSwiftPackageReference "Alamofire" */ = {
			isa = XCRemoteSwiftPackageReference;
			repositoryURL = "https://github.com/Alamofire/Alamofire";
			requirement = {
				kind = upToNextMajorVersion;
				minimumVersion = 5.0.0;
			};
		};
		01C0808327BC03E300E87A8C /* XCRemoteSwiftPackageReference "SwiftSoup" */ = {
			isa = XCRemoteSwiftPackageReference;
			repositoryURL = "https://github.com/scinfu/SwiftSoup";
			requirement = {
				kind = upToNextMajorVersion;
				minimumVersion = 2.0.0;
			};
		};
		01C0808627BC049500E87A8C /* XCRemoteSwiftPackageReference "CryptoSwift" */ = {
			isa = XCRemoteSwiftPackageReference;
			repositoryURL = "https://github.com/krzyzanowskim/CryptoSwift";
			requirement = {
				kind = upToNextMajorVersion;
				minimumVersion = 1.0.0;
			};
		};
		01C0808927BC04C500E87A8C /* XCRemoteSwiftPackageReference "Marshal" */ = {
			isa = XCRemoteSwiftPackageReference;
			repositoryURL = "https://github.com/utahiosmac/Marshal";
			requirement = {
				kind = upToNextMajorVersion;
				minimumVersion = 1.0.0;
			};
		};
		01C0808F27BC05A500E87A8C /* XCRemoteSwiftPackageReference "GzipSwift" */ = {
			isa = XCRemoteSwiftPackageReference;
			repositoryURL = "https://github.com/1024jp/GzipSwift";
			requirement = {
				kind = upToNextMajorVersion;
				minimumVersion = 6.0.0;
			};
		};
		01C0809227BC06EC00E87A8C /* XCRemoteSwiftPackageReference "swift-protobuf" */ = {
			isa = XCRemoteSwiftPackageReference;
			repositoryURL = "https://github.com/apple/swift-protobuf.git";
			requirement = {
				kind = upToNextMajorVersion;
				minimumVersion = 1.0.0;
			};
		};
		01C0809527BC074000E87A8C /* XCRemoteSwiftPackageReference "SDWebImage" */ = {
			isa = XCRemoteSwiftPackageReference;
			repositoryURL = "https://github.com/SDWebImage/SDWebImage";
			requirement = {
				kind = upToNextMajorVersion;
				minimumVersion = 5.0.0;
			};
		};
		01C0809827BC079200E87A8C /* XCRemoteSwiftPackageReference "Sparkle" */ = {
			isa = XCRemoteSwiftPackageReference;
			repositoryURL = "https://github.com/sparkle-project/Sparkle";
			requirement = {
				kind = upToNextMajorVersion;
				minimumVersion = 2.0.0;
			};
		};
		01C0809B27BC0BC400E87A8C /* XCRemoteSwiftPackageReference "SocketRocket" */ = {
			isa = XCRemoteSwiftPackageReference;
			repositoryURL = "https://github.com/xjbeta/SocketRocket/";
			requirement = {
				branch = dev;
				kind = branch;
			};
		};
		01C248CB2CE480F30074A76F /* XCRemoteSwiftPackageReference "swift-collections" */ = {
			isa = XCRemoteSwiftPackageReference;
			repositoryURL = "https://github.com/apple/swift-collections.git";
			requirement = {
				kind = upToNextMajorVersion;
				minimumVersion = 1.1.4;
			};
		};
		01E668CE2CEA322F008C51E7 /* XCRemoteSwiftPackageReference "swift-nio" */ = {
			isa = XCRemoteSwiftPackageReference;
			repositoryURL = "https://github.com/apple/swift-nio.git";
			requirement = {
				kind = upToNextMajorVersion;
				minimumVersion = 2.76.1;
			};
		};
/* End XCRemoteSwiftPackageReference section */

/* Begin XCSwiftPackageProductDependency section */
		01C0807B27BC00EA00E87A8C /* Alamofire */ = {
			isa = XCSwiftPackageProductDependency;
			package = 01C0807A27BC00EA00E87A8C /* XCRemoteSwiftPackageReference "Alamofire" */;
			productName = Alamofire;
		};
		01C0808427BC03E300E87A8C /* SwiftSoup */ = {
			isa = XCSwiftPackageProductDependency;
			package = 01C0808327BC03E300E87A8C /* XCRemoteSwiftPackageReference "SwiftSoup" */;
			productName = SwiftSoup;
		};
		01C0808727BC049500E87A8C /* CryptoSwift */ = {
			isa = XCSwiftPackageProductDependency;
			package = 01C0808627BC049500E87A8C /* XCRemoteSwiftPackageReference "CryptoSwift" */;
			productName = CryptoSwift;
		};
		01C0808A27BC04C500E87A8C /* Marshal */ = {
			isa = XCSwiftPackageProductDependency;
			package = 01C0808927BC04C500E87A8C /* XCRemoteSwiftPackageReference "Marshal" */;
			productName = Marshal;
		};
		01C0809027BC05A500E87A8C /* Gzip */ = {
			isa = XCSwiftPackageProductDependency;
			package = 01C0808F27BC05A500E87A8C /* XCRemoteSwiftPackageReference "GzipSwift" */;
			productName = Gzip;
		};
		01C0809327BC06EC00E87A8C /* SwiftProtobuf */ = {
			isa = XCSwiftPackageProductDependency;
			package = 01C0809227BC06EC00E87A8C /* XCRemoteSwiftPackageReference "swift-protobuf" */;
			productName = SwiftProtobuf;
		};
		01C0809627BC074000E87A8C /* SDWebImage */ = {
			isa = XCSwiftPackageProductDependency;
			package = 01C0809527BC074000E87A8C /* XCRemoteSwiftPackageReference "SDWebImage" */;
			productName = SDWebImage;
		};
		01C0809927BC079200E87A8C /* Sparkle */ = {
			isa = XCSwiftPackageProductDependency;
			package = 01C0809827BC079200E87A8C /* XCRemoteSwiftPackageReference "Sparkle" */;
			productName = Sparkle;
		};
		01C0809C27BC0BC400E87A8C /* SocketRocket */ = {
			isa = XCSwiftPackageProductDependency;
			package = 01C0809B27BC0BC400E87A8C /* XCRemoteSwiftPackageReference "SocketRocket" */;
			productName = SocketRocket;
		};
		01C248CC2CE480F30074A76F /* DequeModule */ = {
			isa = XCSwiftPackageProductDependency;
			package = 01C248CB2CE480F30074A76F /* XCRemoteSwiftPackageReference "swift-collections" */;
			productName = DequeModule;
		};
		01E668CF2CEA322F008C51E7 /* NIOCore */ = {
			isa = XCSwiftPackageProductDependency;
			package = 01E668CE2CEA322F008C51E7 /* XCRemoteSwiftPackageReference "swift-nio" */;
			productName = NIOCore;
		};
		01E668D12CEA322F008C51E7 /* NIOFoundationCompat */ = {
			isa = XCSwiftPackageProductDependency;
			package = 01E668CE2CEA322F008C51E7 /* XCRemoteSwiftPackageReference "swift-nio" */;
			productName = NIOFoundationCompat;
		};
		01E668D32CEA322F008C51E7 /* NIOHTTP1 */ = {
			isa = XCSwiftPackageProductDependency;
			package = 01E668CE2CEA322F008C51E7 /* XCRemoteSwiftPackageReference "swift-nio" */;
			productName = NIOHTTP1;
		};
		01E668D52CEA322F008C51E7 /* NIOWebSocket */ = {
			isa = XCSwiftPackageProductDependency;
			package = 01E668CE2CEA322F008C51E7 /* XCRemoteSwiftPackageReference "swift-nio" */;
			productName = NIOWebSocket;
		};
/* End XCSwiftPackageProductDependency section */

/* Begin XCVersionGroup section */
		010F0F1720FE4F0900F33553 /* DataModel.xcdatamodeld */ = {
			isa = XCVersionGroup;
			children = (
				019AFB5F27380DEA00B4E458 /* Bookmark v0.3.xcdatamodel */,
				014FD3A42115CB3000F05399 /* Bookmark v0.2.xcdatamodel */,
				010F0F1820FE4F0900F33553 /* Bookmark.xcdatamodel */,
			);
			currentVersion = 019AFB5F27380DEA00B4E458 /* Bookmark v0.3.xcdatamodel */;
			path = DataModel.xcdatamodeld;
			sourceTree = "<group>";
			versionGroupType = wrapper.xcdatamodel;
		};
/* End XCVersionGroup section */
	};
	rootObject = 01AEC89F20EDFD01001406E8 /* Project object */;
}
