{
  "name": "WebFiles",
  "lockfileVersion": 3,
  "requires": true,
  "packages": {
    "": {
      "dependencies": {
        "comment-core-library": "github:xjbeta/CommentCoreLibrary#iina-grunt",
        "crypto-js": "^4.1.1",
        "mpegts.js": "^1.7.3"
      }
    },
    "node_modules/comment-core-library": {
      "version": "0.11.1",
      "resolved": "git+ssh://git@github.com/xjbeta/CommentCoreLibrary.git#5ab046cf48c06dd418106afcbb7e4db66aade6b2",
      "license": "MIT"
    },
    "node_modules/crypto-js": {
      "version": "4.2.0",
      "resolved": "https://registry.npmjs.org/crypto-js/-/crypto-js-4.2.0.tgz",
      "integrity": "sha512-KALDyEYgpY+Rlob/iriUtjV6d5Eq+Y191A5g4UqLAi8CyGP9N1+FdVbkc1SxKc2r4YAYqG8JzO2KGL+AizD70Q==",
      "license": "MIT"
    },
    "node_modules/es6-promise": {
      "version": "4.2.8",
      "resolved": "https://registry.npmjs.org/es6-promise/-/es6-promise-4.2.8.tgz",
      "integrity": "sha512-HJDGx5daxeIvxdBxvG2cb9g4tEvwIk3i8+nhX0yGrYmZUzbkdg8QbDevheDB8gd0//uPj4c1EQua8Q+MViT0/w==",
      "license": "MIT"
    },
    "node_modules/mpegts.js": {
      "version": "1.7.3",
      "resolved": "https://registry.npmjs.org/mpegts.js/-/mpegts.js-1.7.3.tgz",
      "integrity": "sha512-kqZ1C1IsbAQN72cK8vMrzKeM7hwrwSBbFAwVAc7PPweOeoZxCANrc7fAVDKMfYUzxdNkMTnec9tVmlxmKZB0TQ==",
      "license": "Apache-2.0",
      "dependencies": {
        "es6-promise": "^4.2.5",
        "webworkify-webpack": "^2.1.5"
      }
    },
    "node_modules/webworkify-webpack": {
      "version": "2.1.5",
      "resolved": "https://registry.npmjs.org/webworkify-webpack/-/webworkify-webpack-2.1.5.tgz",
      "integrity": "sha512-2akF8FIyUvbiBBdD+RoHpoTbHMQF2HwjcxfDvgztAX5YwbZNyrtfUMgvfgFVsgDhDPVTlkbb5vyasqDHfIDPQw==",
      "license": "MIT"
    }
  }
}
