{
  "name": "WebFiles",
  "lockfileVersion": 2,
  "requires": true,
  "packages": {
    "": {
      "dependencies": {
        "comment-core-library": "^0.11.1",
        "crypto-js": "^4.1.1",
        "flv.js": "^1.6.2"
      }
    },
    "node_modules/comment-core-library": {
      "version": "0.11.1",
      "resolved": "https://registry.npmjs.org/comment-core-library/-/comment-core-library-0.11.1.tgz",
      "integrity": "sha512-EgUR2zZjAHJO6rue+7sTOy+kYdF2M9hALi+U0Dm4mzmyTYz/E82CPEsi17DMjnuOox0CbBoPUS/QzsXHFPnUWw=="
    },
    "node_modules/crypto-js": {
      "version": "4.1.1",
      "resolved": "https://registry.npmjs.org/crypto-js/-/crypto-js-4.1.1.tgz",
      "integrity": "sha512-o2JlM7ydqd3Qk9CA0L4NL6mTzU2sdx96a+oOfPu8Mkl/PK51vSyoi8/rQ8NknZtk44vq15lmhAj9CIAGwgeWKw=="
    },
    "node_modules/es6-promise": {
      "version": "4.2.8",
      "resolved": "https://registry.npmjs.org/es6-promise/-/es6-promise-4.2.8.tgz",
      "integrity": "sha512-HJDGx5daxeIvxdBxvG2cb9g4tEvwIk3i8+nhX0yGrYmZUzbkdg8QbDevheDB8gd0//uPj4c1EQua8Q+MViT0/w=="
    },
    "node_modules/flv.js": {
      "version": "1.6.2",
      "resolved": "https://registry.npmjs.org/flv.js/-/flv.js-1.6.2.tgz",
      "integrity": "sha512-xre4gUbX1MPtgQRKj2pxJENp/RnaHaxYvy3YToVVCrSmAWUu85b9mug6pTXF6zakUjNP2lFWZ1rkSX7gxhB/2A==",
      "dependencies": {
        "es6-promise": "^4.2.8",
        "webworkify-webpack": "^2.1.5"
      }
    },
    "node_modules/webworkify-webpack": {
      "version": "2.1.5",
      "resolved": "https://registry.npmjs.org/webworkify-webpack/-/webworkify-webpack-2.1.5.tgz",
      "integrity": "sha512-2akF8FIyUvbiBBdD+RoHpoTbHMQF2HwjcxfDvgztAX5YwbZNyrtfUMgvfgFVsgDhDPVTlkbb5vyasqDHfIDPQw=="
    }
  },
  "dependencies": {
    "comment-core-library": {
      "version": "0.11.1",
      "resolved": "https://registry.npmjs.org/comment-core-library/-/comment-core-library-0.11.1.tgz",
      "integrity": "sha512-EgUR2zZjAHJO6rue+7sTOy+kYdF2M9hALi+U0Dm4mzmyTYz/E82CPEsi17DMjnuOox0CbBoPUS/QzsXHFPnUWw=="
    },
    "crypto-js": {
      "version": "4.1.1",
      "resolved": "https://registry.npmjs.org/crypto-js/-/crypto-js-4.1.1.tgz",
      "integrity": "sha512-o2JlM7ydqd3Qk9CA0L4NL6mTzU2sdx96a+oOfPu8Mkl/PK51vSyoi8/rQ8NknZtk44vq15lmhAj9CIAGwgeWKw=="
    },
    "es6-promise": {
      "version": "4.2.8",
      "resolved": "https://registry.npmjs.org/es6-promise/-/es6-promise-4.2.8.tgz",
      "integrity": "sha512-HJDGx5daxeIvxdBxvG2cb9g4tEvwIk3i8+nhX0yGrYmZUzbkdg8QbDevheDB8gd0//uPj4c1EQua8Q+MViT0/w=="
    },
    "flv.js": {
      "version": "1.6.2",
      "resolved": "https://registry.npmjs.org/flv.js/-/flv.js-1.6.2.tgz",
      "integrity": "sha512-xre4gUbX1MPtgQRKj2pxJENp/RnaHaxYvy3YToVVCrSmAWUu85b9mug6pTXF6zakUjNP2lFWZ1rkSX7gxhB/2A==",
      "requires": {
        "es6-promise": "^4.2.8",
        "webworkify-webpack": "^2.1.5"
      }
    },
    "webworkify-webpack": {
      "version": "2.1.5",
      "resolved": "https://registry.npmjs.org/webworkify-webpack/-/webworkify-webpack-2.1.5.tgz",
      "integrity": "sha512-2akF8FIyUvbiBBdD+RoHpoTbHMQF2HwjcxfDvgztAX5YwbZNyrtfUMgvfgFVsgDhDPVTlkbb5vyasqDHfIDPQw=="
    }
  }
}
